// !$*UTF8*$!
{
	archiveVersion = 1;
	classes = {
	};
	objectVersion = 50;
	objects = {

/* Begin PBXBuildFile section */
		D204B27827D21865001E07A1 /* utils.cpp in Sources */ = {isa = PBXBuildFile; fileRef = D204B27727D21865001E07A1 /* utils.cpp */; };
		D24E174827A6D83B00901431 /* particle_generator.cpp in Sources */ = {isa = PBXBuildFile; fileRef = D24E172E27A6D83B00901431 /* particle_generator.cpp */; };
		D24E174927A6D83B00901431 /* ball_object.cpp in Sources */ = {isa = PBXBuildFile; fileRef = D24E173127A6D83B00901431 /* ball_object.cpp */; };
		D24E174A27A6D83B00901431 /* mesh_object.cpp in Sources */ = {isa = PBXBuildFile; fileRef = D24E173327A6D83B00901431 /* mesh_object.cpp */; };
		D24E174B27A6D83B00901431 /* object.cpp in Sources */ = {isa = PBXBuildFile; fileRef = D24E173427A6D83B00901431 /* object.cpp */; };
		D24E174C27A6D83B00901431 /* mesh_renderer.cpp in Sources */ = {isa = PBXBuildFile; fileRef = D24E173527A6D83B00901431 /* mesh_renderer.cpp */; };
		D24E174D27A6D83B00901431 /* post_processor.cpp in Sources */ = {isa = PBXBuildFile; fileRef = D24E173A27A6D83B00901431 /* post_processor.cpp */; };
		D24E174E27A6D83B00901431 /* sprite_object.cpp in Sources */ = {isa = PBXBuildFile; fileRef = D24E173C27A6D83B00901431 /* sprite_object.cpp */; };
		D24E174F27A6D83B00901431 /* game_level.cpp in Sources */ = {isa = PBXBuildFile; fileRef = D24E173D27A6D83B00901431 /* game_level.cpp */; };
		D24E175727A6D83B00901431 /* game_object.cpp in Sources */ = {isa = PBXBuildFile; fileRef = D24E174727A6D83B00901431 /* game_object.cpp */; };
		D24E176F27A6D88400901431 /* powerup_increase.png in Resources */ = {isa = PBXBuildFile; fileRef = D24E175B27A6D88400901431 /* powerup_increase.png */; };
		D24E177127A6D88400901431 /* background.jpg in Resources */ = {isa = PBXBuildFile; fileRef = D24E175D27A6D88400901431 /* background.jpg */; };
		D24E177227A6D88400901431 /* powerup_speed.png in Resources */ = {isa = PBXBuildFile; fileRef = D24E175E27A6D88400901431 /* powerup_speed.png */; };
		D24E177327A6D88400901431 /* powerup_sticky.png in Resources */ = {isa = PBXBuildFile; fileRef = D24E175F27A6D88400901431 /* powerup_sticky.png */; };
		D24E177527A6D88400901431 /* paddle.png in Resources */ = {isa = PBXBuildFile; fileRef = D24E176127A6D88400901431 /* paddle.png */; };
		D24E177627A6D88400901431 /* particle.png in Resources */ = {isa = PBXBuildFile; fileRef = D24E176227A6D88400901431 /* particle.png */; };
		D24E177C27A6D88400901431 /* powerup_passthrough.png in Resources */ = {isa = PBXBuildFile; fileRef = D24E176827A6D88400901431 /* powerup_passthrough.png */; };
		D24E177D27A6D88400901431 /* powerup_chaos.png in Resources */ = {isa = PBXBuildFile; fileRef = D24E176927A6D88400901431 /* powerup_chaos.png */; };
		D24E177E27A6D88400901431 /* powerup_confuse.png in Resources */ = {isa = PBXBuildFile; fileRef = D24E176A27A6D88400901431 /* powerup_confuse.png */; };
		D24E178B27A6E1D800901431 /* one.lvl in Resources */ = {isa = PBXBuildFile; fileRef = D24E178727A6E1D800901431 /* one.lvl */; };
		D24E178C27A6E1D800901431 /* three.lvl in Resources */ = {isa = PBXBuildFile; fileRef = D24E178827A6E1D800901431 /* three.lvl */; };
		D24E178D27A6E1D800901431 /* four.lvl in Resources */ = {isa = PBXBuildFile; fileRef = D24E178927A6E1D800901431 /* four.lvl */; };
		D24E178E27A6E1D800901431 /* two.lvl in Resources */ = {isa = PBXBuildFile; fileRef = D24E178A27A6E1D800901431 /* two.lvl */; };
		D2555AC527B154330000CE9F /* CDOpenALSupport.m in Sources */ = {isa = PBXBuildFile; fileRef = D2555ABC27B154330000CE9F /* CDOpenALSupport.m */; };
		D2555AC627B154330000CE9F /* CDAudioManager.m in Sources */ = {isa = PBXBuildFile; fileRef = D2555ABD27B154330000CE9F /* CDAudioManager.m */; };
		D2555AC727B154330000CE9F /* CocosDenshion.m in Sources */ = {isa = PBXBuildFile; fileRef = D2555ABF27B154330000CE9F /* CocosDenshion.m */; };
		D2555AC827B154330000CE9F /* SimpleAudioEngine_objc.m in Sources */ = {isa = PBXBuildFile; fileRef = D2555AC327B154330000CE9F /* SimpleAudioEngine_objc.m */; };
		D2555AC927B154330000CE9F /* SimpleAudioEngine.mm in Sources */ = {isa = PBXBuildFile; fileRef = D2555AC427B154330000CE9F /* SimpleAudioEngine.mm */; };
		D2555AD427B159740000CE9F /* powerup.wav in Resources */ = {isa = PBXBuildFile; fileRef = D2555ACD27B159740000CE9F /* powerup.wav */; };
		D2555AD527B159740000CE9F /* bleep.mp3 in Resources */ = {isa = PBXBuildFile; fileRef = D2555ACE27B159740000CE9F /* bleep.mp3 */; };
		D2555AD627B159740000CE9F /* solid.wav in Resources */ = {isa = PBXBuildFile; fileRef = D2555ACF27B159740000CE9F /* solid.wav */; };
		D2555AD727B159750000CE9F /* breakout.wav in Resources */ = {isa = PBXBuildFile; fileRef = D2555AD027B159740000CE9F /* breakout.wav */; };
		D2555AD827B159750000CE9F /* bleep.wav in Resources */ = {isa = PBXBuildFile; fileRef = D2555AD127B159740000CE9F /* bleep.wav */; };
		D2555AD927B159750000CE9F /* bleep2.wav in Resources */ = {isa = PBXBuildFile; fileRef = D2555AD227B159740000CE9F /* bleep2.wav */; };
		D2555ADA27B159750000CE9F /* breakout.mp3 in Resources */ = {isa = PBXBuildFile; fileRef = D2555AD327B159740000CE9F /* breakout.mp3 */; };
		D2842ACB280FFFC800DEB423 /* animation2d.cpp in Sources */ = {isa = PBXBuildFile; fileRef = D2842AC9280FFFC800DEB423 /* animation2d.cpp */; };
		D2842ACF280FFFD700DEB423 /* mesh.cpp in Sources */ = {isa = PBXBuildFile; fileRef = D2842ACE280FFFD700DEB423 /* mesh.cpp */; };
		D2842AD72810003E00DEB423 /* b2points.fs in Resources */ = {isa = PBXBuildFile; fileRef = D2842AD12810003E00DEB423 /* b2points.fs */; };
		D2842AD82810003E00DEB423 /* b2points.vs in Resources */ = {isa = PBXBuildFile; fileRef = D2842AD22810003E00DEB423 /* b2points.vs */; };
		D2842AD92810003E00DEB423 /* b2lines.vs in Resources */ = {isa = PBXBuildFile; fileRef = D2842AD32810003E00DEB423 /* b2lines.vs */; };
		D2842ADA2810003E00DEB423 /* ui.fs in Resources */ = {isa = PBXBuildFile; fileRef = D2842AD42810003E00DEB423 /* ui.fs */; };
		D2842ADB2810003E00DEB423 /* ui.vs in Resources */ = {isa = PBXBuildFile; fileRef = D2842AD52810003E00DEB423 /* ui.vs */; };
		D2842ADC2810003E00DEB423 /* b2lines.fs in Resources */ = {isa = PBXBuildFile; fileRef = D2842AD62810003E00DEB423 /* b2lines.fs */; };
		D2842AE1281003FF00DEB423 /* tile.cpp in Sources */ = {isa = PBXBuildFile; fileRef = D2842AE0281003FF00DEB423 /* tile.cpp */; };
		D29DF9A1272E6FF90046B2EE /* Assets.xcassets in Resources */ = {isa = PBXBuildFile; fileRef = D29DF9A0272E6FF90046B2EE /* Assets.xcassets */; };
		D29DF9A4272E6FF90046B2EE /* main.m in Sources */ = {isa = PBXBuildFile; fileRef = D29DF9A3272E6FF90046B2EE /* main.m */; };
		D29DF9D2272E70820046B2EE /* texture.cpp in Sources */ = {isa = PBXBuildFile; fileRef = D29DF9AC272E70820046B2EE /* texture.cpp */; };
		D29DF9D3272E70820046B2EE /* resource_manager.cpp in Sources */ = {isa = PBXBuildFile; fileRef = D29DF9B2272E70820046B2EE /* resource_manager.cpp */; };
		D29DF9D4272E70820046B2EE /* block_solid.png in Resources */ = {isa = PBXBuildFile; fileRef = D29DF9B5272E70820046B2EE /* block_solid.png */; };
		D29DF9D5272E70820046B2EE /* block.png in Resources */ = {isa = PBXBuildFile; fileRef = D29DF9B6272E70820046B2EE /* block.png */; };
		D29DF9D6272E70820046B2EE /* awesomeface.png in Resources */ = {isa = PBXBuildFile; fileRef = D29DF9B7272E70820046B2EE /* awesomeface.png */; };
		D29DF9D7272E70820046B2EE /* sprite_renderer.cpp in Sources */ = {isa = PBXBuildFile; fileRef = D29DF9B8272E70820046B2EE /* sprite_renderer.cpp */; };
		D29DF9D8272E70820046B2EE /* post_processing.fs in Resources */ = {isa = PBXBuildFile; fileRef = D29DF9BA272E70820046B2EE /* post_processing.fs */; };
		D29DF9D9272E70820046B2EE /* text_2d.vs in Resources */ = {isa = PBXBuildFile; fileRef = D29DF9BB272E70820046B2EE /* text_2d.vs */; };
		D29DF9DA272E70820046B2EE /* sprite.fs in Resources */ = {isa = PBXBuildFile; fileRef = D29DF9BC272E70820046B2EE /* sprite.fs */; };
		D29DF9DB272E70820046B2EE /* particle.fs in Resources */ = {isa = PBXBuildFile; fileRef = D29DF9BD272E70820046B2EE /* particle.fs */; };
		D29DF9DC272E70820046B2EE /* sprite.vs in Resources */ = {isa = PBXBuildFile; fileRef = D29DF9BE272E70820046B2EE /* sprite.vs */; };
		D29DF9DD272E70820046B2EE /* particle.vs in Resources */ = {isa = PBXBuildFile; fileRef = D29DF9BF272E70820046B2EE /* particle.vs */; };
		D29DF9DE272E70820046B2EE /* post_processing.vs in Resources */ = {isa = PBXBuildFile; fileRef = D29DF9C0272E70820046B2EE /* post_processing.vs */; };
		D29DF9DF272E70820046B2EE /* text_2d.fs in Resources */ = {isa = PBXBuildFile; fileRef = D29DF9C1272E70820046B2EE /* text_2d.fs */; };
		D29DF9E0272E70820046B2EE /* game.cpp in Sources */ = {isa = PBXBuildFile; fileRef = D29DF9C2272E70820046B2EE /* game.cpp */; };
		D29DF9E1272E70820046B2EE /* simple.frag in Resources */ = {isa = PBXBuildFile; fileRef = D29DF9C3272E70820046B2EE /* simple.frag */; };
		D29DF9E2272E70820046B2EE /* glfm_platform_emscripten.c in Sources */ = {isa = PBXBuildFile; fileRef = D29DF9C9272E70820046B2EE /* glfm_platform_emscripten.c */; };
		D29DF9E3272E70820046B2EE /* glfm_platform_android.c in Sources */ = {isa = PBXBuildFile; fileRef = D29DF9CA272E70820046B2EE /* glfm_platform_android.c */; };
		D29DF9E4272E70820046B2EE /* glfm_platform_ios.m in Sources */ = {isa = PBXBuildFile; fileRef = D29DF9CC272E70820046B2EE /* glfm_platform_ios.m */; };
		D29DF9E5272E70820046B2EE /* simple.vert in Resources */ = {isa = PBXBuildFile; fileRef = D29DF9CD272E70820046B2EE /* simple.vert */; };
		D29DF9E6272E70820046B2EE /* stb_image.cpp in Sources */ = {isa = PBXBuildFile; fileRef = D29DF9CE272E70820046B2EE /* stb_image.cpp */; };
		D29DF9E7272E70820046B2EE /* game_wrapper.mm in Sources */ = {isa = PBXBuildFile; fileRef = D29DF9D0272E70820046B2EE /* game_wrapper.mm */; };
		D2B8EB9E27BA4ADC00535BF8 /* button.cpp in Sources */ = {isa = PBXBuildFile; fileRef = D2B8EB9D27BA4ADC00535BF8 /* button.cpp */; };
		D2B8EBA427BA4B0A00535BF8 /* director.cpp in Sources */ = {isa = PBXBuildFile; fileRef = D2B8EBA227BA4B0A00535BF8 /* director.cpp */; };
		D2B8EBA527BA4B0A00535BF8 /* color_renderer.cpp in Sources */ = {isa = PBXBuildFile; fileRef = D2B8EBA327BA4B0A00535BF8 /* color_renderer.cpp */; };
		D2B8EBB127BA4B2F00535BF8 /* game_over.cpp in Sources */ = {isa = PBXBuildFile; fileRef = D2B8EBA727BA4B2F00535BF8 /* game_over.cpp */; };
		D2B8EBB327BA4B2F00535BF8 /* scene.cpp in Sources */ = {isa = PBXBuildFile; fileRef = D2B8EBAC27BA4B2F00535BF8 /* scene.cpp */; };
		D2B8EBB427BA4B2F00535BF8 /* game_pause.cpp in Sources */ = {isa = PBXBuildFile; fileRef = D2B8EBAD27BA4B2F00535BF8 /* game_pause.cpp */; };
		D2B8EBB527BA4B2F00535BF8 /* game_start.cpp in Sources */ = {isa = PBXBuildFile; fileRef = D2B8EBB027BA4B2F00535BF8 /* game_start.cpp */; };
		D2B8EBBC27BA4B4500535BF8 /* touch_dispatcher.cpp in Sources */ = {isa = PBXBuildFile; fileRef = D2B8EBB827BA4B4500535BF8 /* touch_dispatcher.cpp */; };
		D2B8EBBD27BA4B4500535BF8 /* touch_handler.cpp in Sources */ = {isa = PBXBuildFile; fileRef = D2B8EBB927BA4B4500535BF8 /* touch_handler.cpp */; };
		D2B8EBCA27BA50F800535BF8 /* zanting.png in Resources */ = {isa = PBXBuildFile; fileRef = D2B8EBBF27BA50F700535BF8 /* zanting.png */; };
		D2B8EBCB27BA50F800535BF8 /* continue.png in Resources */ = {isa = PBXBuildFile; fileRef = D2B8EBC027BA50F700535BF8 /* continue.png */; };
		D2B8EBCC27BA50F800535BF8 /* paiming.png in Resources */ = {isa = PBXBuildFile; fileRef = D2B8EBC127BA50F700535BF8 /* paiming.png */; };
		D2B8EBCD27BA50F800535BF8 /* shezhi.png in Resources */ = {isa = PBXBuildFile; fileRef = D2B8EBC227BA50F700535BF8 /* shezhi.png */; };
		D2B8EBCE27BA50F800535BF8 /* zaitiaozhan.png in Resources */ = {isa = PBXBuildFile; fileRef = D2B8EBC327BA50F700535BF8 /* zaitiaozhan.png */; };
		D2B8EBCF27BA50F800535BF8 /* zhuye.png in Resources */ = {isa = PBXBuildFile; fileRef = D2B8EBC427BA50F700535BF8 /* zhuye.png */; };
		D2B8EBD027BA50F800535BF8 /* shengyin_g.png in Resources */ = {isa = PBXBuildFile; fileRef = D2B8EBC527BA50F700535BF8 /* shengyin_g.png */; };
		D2B8EBD127BA50F800535BF8 /* fenxiang.png in Resources */ = {isa = PBXBuildFile; fileRef = D2B8EBC627BA50F700535BF8 /* fenxiang.png */; };
		D2B8EBD227BA50F800535BF8 /* kaishi.png in Resources */ = {isa = PBXBuildFile; fileRef = D2B8EBC727BA50F700535BF8 /* kaishi.png */; };
		D2B8EBD327BA50F800535BF8 /* shengyin_k.png in Resources */ = {isa = PBXBuildFile; fileRef = D2B8EBC827BA50F800535BF8 /* shengyin_k.png */; };
		D2B8EBD427BA50F800535BF8 /* dianzan.png in Resources */ = {isa = PBXBuildFile; fileRef = D2B8EBC927BA50F800535BF8 /* dianzan.png */; };
		D2B8EBD827BA5F9300535BF8 /* color.fs in Resources */ = {isa = PBXBuildFile; fileRef = D2B8EBD627BA5F9300535BF8 /* color.fs */; };
		D2B8EBD927BA5F9300535BF8 /* color.vs in Resources */ = {isa = PBXBuildFile; fileRef = D2B8EBD727BA5F9300535BF8 /* color.vs */; };
		D2C3021D27A5445900D3A00C /* libfreetype.a in Frameworks */ = {isa = PBXBuildFile; fileRef = D2C301DC27A5418E00D3A00C /* libfreetype.a */; };
		D2C3022627A546C800D3A00C /* text_renderer.cpp in Sources */ = {isa = PBXBuildFile; fileRef = D2C3022427A546C800D3A00C /* text_renderer.cpp */; };
		D2C3022F27A550EA00D3A00C /* default.ttf in Resources */ = {isa = PBXBuildFile; fileRef = D2C3022D27A550EA00D3A00C /* default.ttf */; };
		D2C8477C27D4F643008D8B22 /* mesh.vs in Resources */ = {isa = PBXBuildFile; fileRef = D2C8477A27D4F643008D8B22 /* mesh.vs */; };
		D2C8477D27D4F643008D8B22 /* mesh.fs in Resources */ = {isa = PBXBuildFile; fileRef = D2C8477B27D4F643008D8B22 /* mesh.fs */; };
		D2C8479827D5B85A008D8B22 /* cube.fs in Resources */ = {isa = PBXBuildFile; fileRef = D2C8479627D5B85A008D8B22 /* cube.fs */; };
		D2C8479927D5B85A008D8B22 /* cube.vs in Resources */ = {isa = PBXBuildFile; fileRef = D2C8479727D5B85A008D8B22 /* cube.vs */; };
		D2C8479F27D64084008D8B22 /* objloader.cpp in Sources */ = {isa = PBXBuildFile; fileRef = D2C8479D27D64084008D8B22 /* objloader.cpp */; };
		D2C847EA27D73910008D8B22 /* animation.cpp in Sources */ = {isa = PBXBuildFile; fileRef = D2C847E927D73910008D8B22 /* animation.cpp */; };
		D2C847F327D79414008D8B22 /* model.cpp in Sources */ = {isa = PBXBuildFile; fileRef = D2C847F127D79414008D8B22 /* model.cpp */; };
		D2C847F727D841A2008D8B22 /* model_cache.cpp in Sources */ = {isa = PBXBuildFile; fileRef = D2C847F527D841A2008D8B22 /* model_cache.cpp */; };
		D2C847FA27D8695B008D8B22 /* textureMask.png in Resources */ = {isa = PBXBuildFile; fileRef = D2C847F927D8695B008D8B22 /* textureMask.png */; };
		D2C8480127D8DE0D008D8B22 /* arrow.png in Resources */ = {isa = PBXBuildFile; fileRef = D2C847FF27D8DE0D008D8B22 /* arrow.png */; };
		D2C8480C27D9C111008D8B22 /* model_object.cpp in Sources */ = {isa = PBXBuildFile; fileRef = D2C8480A27D9C111008D8B22 /* model_object.cpp */; };
		D2C8481527DCBE25008D8B22 /* depth.vs in Resources */ = {isa = PBXBuildFile; fileRef = D2C8481327DCBE25008D8B22 /* depth.vs */; };
		D2C8481627DCBE25008D8B22 /* depth.fs in Resources */ = {isa = PBXBuildFile; fileRef = D2C8481427DCBE25008D8B22 /* depth.fs */; };
		D2C8481A27DCCA1E008D8B22 /* metal.png in Resources */ = {isa = PBXBuildFile; fileRef = D2C8481827DCCA1E008D8B22 /* metal.png */; };
		D2C8481B27DCCA1E008D8B22 /* marble.jpg in Resources */ = {isa = PBXBuildFile; fileRef = D2C8481927DCCA1E008D8B22 /* marble.jpg */; };
		D2C8483627E9BB5E008D8B22 /* mulight.vs in Resources */ = {isa = PBXBuildFile; fileRef = D2C8483427E9BB5E008D8B22 /* mulight.vs */; };
		D2C8483727E9BB5E008D8B22 /* mulight.fs in Resources */ = {isa = PBXBuildFile; fileRef = D2C8483527E9BB5E008D8B22 /* mulight.fs */; };
		D2C8484027EB122B008D8B22 /* lighting.vs in Resources */ = {isa = PBXBuildFile; fileRef = D2C8483E27EB122B008D8B22 /* lighting.vs */; };
		D2C8484127EB122B008D8B22 /* lighting.fs in Resources */ = {isa = PBXBuildFile; fileRef = D2C8483F27EB122B008D8B22 /* lighting.fs */; };
		D2CC2A8127CFA83000826657 /* touch_area.cpp in Sources */ = {isa = PBXBuildFile; fileRef = D2CC2A7F27CFA83000826657 /* touch_area.cpp */; };
		D2CC2A8527D0706F00826657 /* global.cpp in Sources */ = {isa = PBXBuildFile; fileRef = D2CC2A8327D0706F00826657 /* global.cpp */; };
/* End PBXBuildFile section */

/* Begin PBXFileReference section */
		D204B27427D1B653001E07A1 /* color.h */ = {isa = PBXFileReference; lastKnownFileType = sourcecode.c.h; path = color.h; sourceTree = "<group>"; };
		D204B27627D21845001E07A1 /* utils.h */ = {isa = PBXFileReference; lastKnownFileType = sourcecode.c.h; path = utils.h; sourceTree = "<group>"; };
		D204B27727D21865001E07A1 /* utils.cpp */ = {isa = PBXFileReference; lastKnownFileType = sourcecode.cpp.cpp; path = utils.cpp; sourceTree = "<group>"; };
		D24E172C27A6D83B00901431 /* mesh_renderer.hpp */ = {isa = PBXFileReference; fileEncoding = 4; lastKnownFileType = sourcecode.cpp.h; path = mesh_renderer.hpp; sourceTree = "<group>"; };
		D24E172D27A6D83B00901431 /* sprite_object.hpp */ = {isa = PBXFileReference; fileEncoding = 4; lastKnownFileType = sourcecode.cpp.h; path = sprite_object.hpp; sourceTree = "<group>"; };
		D24E172E27A6D83B00901431 /* particle_generator.cpp */ = {isa = PBXFileReference; fileEncoding = 4; lastKnownFileType = sourcecode.cpp.cpp; path = particle_generator.cpp; sourceTree = "<group>"; };
		D24E172F27A6D83B00901431 /* game_object.hpp */ = {isa = PBXFileReference; fileEncoding = 4; lastKnownFileType = sourcecode.cpp.h; path = game_object.hpp; sourceTree = "<group>"; };
		D24E173027A6D83B00901431 /* object.hpp */ = {isa = PBXFileReference; fileEncoding = 4; lastKnownFileType = sourcecode.cpp.h; path = object.hpp; sourceTree = "<group>"; };
		D24E173127A6D83B00901431 /* ball_object.cpp */ = {isa = PBXFileReference; fileEncoding = 4; lastKnownFileType = sourcecode.cpp.cpp; path = ball_object.cpp; sourceTree = "<group>"; };
		D24E173227A6D83B00901431 /* game_level.hpp */ = {isa = PBXFileReference; fileEncoding = 4; lastKnownFileType = sourcecode.cpp.h; path = game_level.hpp; sourceTree = "<group>"; };
		D24E173327A6D83B00901431 /* mesh_object.cpp */ = {isa = PBXFileReference; fileEncoding = 4; lastKnownFileType = sourcecode.cpp.cpp; path = mesh_object.cpp; sourceTree = "<group>"; };
		D24E173427A6D83B00901431 /* object.cpp */ = {isa = PBXFileReference; fileEncoding = 4; lastKnownFileType = sourcecode.cpp.cpp; path = object.cpp; sourceTree = "<group>"; };
		D24E173527A6D83B00901431 /* mesh_renderer.cpp */ = {isa = PBXFileReference; fileEncoding = 4; lastKnownFileType = sourcecode.cpp.cpp; path = mesh_renderer.cpp; sourceTree = "<group>"; };
		D24E173627A6D83B00901431 /* particle_generator.hpp */ = {isa = PBXFileReference; fileEncoding = 4; lastKnownFileType = sourcecode.cpp.h; path = particle_generator.hpp; sourceTree = "<group>"; };
		D24E173727A6D83B00901431 /* post_processor.hpp */ = {isa = PBXFileReference; fileEncoding = 4; lastKnownFileType = sourcecode.cpp.h; path = post_processor.hpp; sourceTree = "<group>"; };
		D24E173827A6D83B00901431 /* mesh_object.hpp */ = {isa = PBXFileReference; fileEncoding = 4; lastKnownFileType = sourcecode.cpp.h; path = mesh_object.hpp; sourceTree = "<group>"; };
		D24E173927A6D83B00901431 /* ball_object.hpp */ = {isa = PBXFileReference; fileEncoding = 4; lastKnownFileType = sourcecode.cpp.h; path = ball_object.hpp; sourceTree = "<group>"; };
		D24E173A27A6D83B00901431 /* post_processor.cpp */ = {isa = PBXFileReference; fileEncoding = 4; lastKnownFileType = sourcecode.cpp.cpp; path = post_processor.cpp; sourceTree = "<group>"; };
		D24E173B27A6D83B00901431 /* power_up.h */ = {isa = PBXFileReference; fileEncoding = 4; lastKnownFileType = sourcecode.c.h; path = power_up.h; sourceTree = "<group>"; };
		D24E173C27A6D83B00901431 /* sprite_object.cpp */ = {isa = PBXFileReference; fileEncoding = 4; lastKnownFileType = sourcecode.cpp.cpp; path = sprite_object.cpp; sourceTree = "<group>"; };
		D24E173D27A6D83B00901431 /* game_level.cpp */ = {isa = PBXFileReference; fileEncoding = 4; lastKnownFileType = sourcecode.cpp.cpp; path = game_level.cpp; sourceTree = "<group>"; };
		D24E174627A6D83B00901431 /* glad.h */ = {isa = PBXFileReference; fileEncoding = 4; lastKnownFileType = sourcecode.c.h; path = glad.h; sourceTree = "<group>"; };
		D24E174727A6D83B00901431 /* game_object.cpp */ = {isa = PBXFileReference; fileEncoding = 4; lastKnownFileType = sourcecode.cpp.cpp; path = game_object.cpp; sourceTree = "<group>"; };
		D24E175B27A6D88400901431 /* powerup_increase.png */ = {isa = PBXFileReference; lastKnownFileType = image.png; path = powerup_increase.png; sourceTree = "<group>"; };
		D24E175D27A6D88400901431 /* background.jpg */ = {isa = PBXFileReference; lastKnownFileType = image.jpeg; path = background.jpg; sourceTree = "<group>"; };
		D24E175E27A6D88400901431 /* powerup_speed.png */ = {isa = PBXFileReference; lastKnownFileType = image.png; path = powerup_speed.png; sourceTree = "<group>"; };
		D24E175F27A6D88400901431 /* powerup_sticky.png */ = {isa = PBXFileReference; lastKnownFileType = image.png; path = powerup_sticky.png; sourceTree = "<group>"; };
		D24E176127A6D88400901431 /* paddle.png */ = {isa = PBXFileReference; lastKnownFileType = image.png; path = paddle.png; sourceTree = "<group>"; };
		D24E176227A6D88400901431 /* particle.png */ = {isa = PBXFileReference; lastKnownFileType = image.png; path = particle.png; sourceTree = "<group>"; };
		D24E176827A6D88400901431 /* powerup_passthrough.png */ = {isa = PBXFileReference; lastKnownFileType = image.png; path = powerup_passthrough.png; sourceTree = "<group>"; };
		D24E176927A6D88400901431 /* powerup_chaos.png */ = {isa = PBXFileReference; lastKnownFileType = image.png; path = powerup_chaos.png; sourceTree = "<group>"; };
		D24E176A27A6D88400901431 /* powerup_confuse.png */ = {isa = PBXFileReference; lastKnownFileType = image.png; path = powerup_confuse.png; sourceTree = "<group>"; };
		D24E178727A6E1D800901431 /* one.lvl */ = {isa = PBXFileReference; fileEncoding = 4; lastKnownFileType = text; path = one.lvl; sourceTree = "<group>"; };
		D24E178827A6E1D800901431 /* three.lvl */ = {isa = PBXFileReference; fileEncoding = 4; lastKnownFileType = text; path = three.lvl; sourceTree = "<group>"; };
		D24E178927A6E1D800901431 /* four.lvl */ = {isa = PBXFileReference; fileEncoding = 4; lastKnownFileType = text; path = four.lvl; sourceTree = "<group>"; };
		D24E178A27A6E1D800901431 /* two.lvl */ = {isa = PBXFileReference; fileEncoding = 4; lastKnownFileType = text; path = two.lvl; sourceTree = "<group>"; };
		D2555AB827B154330000CE9F /* Export.h */ = {isa = PBXFileReference; fileEncoding = 4; lastKnownFileType = sourcecode.c.h; path = Export.h; sourceTree = "<group>"; };
		D2555AB927B154330000CE9F /* SimpleAudioEngine.h */ = {isa = PBXFileReference; fileEncoding = 4; lastKnownFileType = sourcecode.c.h; path = SimpleAudioEngine.h; sourceTree = "<group>"; };
		D2555ABB27B154330000CE9F /* CDConfig.h */ = {isa = PBXFileReference; fileEncoding = 4; lastKnownFileType = sourcecode.c.h; path = CDConfig.h; sourceTree = "<group>"; };
		D2555ABC27B154330000CE9F /* CDOpenALSupport.m */ = {isa = PBXFileReference; fileEncoding = 4; lastKnownFileType = sourcecode.c.objc; path = CDOpenALSupport.m; sourceTree = "<group>"; };
		D2555ABD27B154330000CE9F /* CDAudioManager.m */ = {isa = PBXFileReference; fileEncoding = 4; lastKnownFileType = sourcecode.c.objc; path = CDAudioManager.m; sourceTree = "<group>"; };
		D2555ABE27B154330000CE9F /* SimpleAudioEngine_objc.h */ = {isa = PBXFileReference; fileEncoding = 4; lastKnownFileType = sourcecode.c.h; path = SimpleAudioEngine_objc.h; sourceTree = "<group>"; };
		D2555ABF27B154330000CE9F /* CocosDenshion.m */ = {isa = PBXFileReference; fileEncoding = 4; lastKnownFileType = sourcecode.c.objc; path = CocosDenshion.m; sourceTree = "<group>"; };
		D2555AC027B154330000CE9F /* CDOpenALSupport.h */ = {isa = PBXFileReference; fileEncoding = 4; lastKnownFileType = sourcecode.c.h; path = CDOpenALSupport.h; sourceTree = "<group>"; };
		D2555AC127B154330000CE9F /* CDAudioManager.h */ = {isa = PBXFileReference; fileEncoding = 4; lastKnownFileType = sourcecode.c.h; path = CDAudioManager.h; sourceTree = "<group>"; };
		D2555AC227B154330000CE9F /* CocosDenshion.h */ = {isa = PBXFileReference; fileEncoding = 4; lastKnownFileType = sourcecode.c.h; path = CocosDenshion.h; sourceTree = "<group>"; };
		D2555AC327B154330000CE9F /* SimpleAudioEngine_objc.m */ = {isa = PBXFileReference; fileEncoding = 4; lastKnownFileType = sourcecode.c.objc; path = SimpleAudioEngine_objc.m; sourceTree = "<group>"; };
		D2555AC427B154330000CE9F /* SimpleAudioEngine.mm */ = {isa = PBXFileReference; fileEncoding = 4; lastKnownFileType = sourcecode.cpp.objcpp; path = SimpleAudioEngine.mm; sourceTree = "<group>"; };
		D2555ACD27B159740000CE9F /* powerup.wav */ = {isa = PBXFileReference; lastKnownFileType = audio.wav; path = powerup.wav; sourceTree = "<group>"; };
		D2555ACE27B159740000CE9F /* bleep.mp3 */ = {isa = PBXFileReference; lastKnownFileType = audio.mp3; path = bleep.mp3; sourceTree = "<group>"; };
		D2555ACF27B159740000CE9F /* solid.wav */ = {isa = PBXFileReference; lastKnownFileType = audio.wav; path = solid.wav; sourceTree = "<group>"; };
		D2555AD027B159740000CE9F /* breakout.wav */ = {isa = PBXFileReference; lastKnownFileType = audio.wav; path = breakout.wav; sourceTree = "<group>"; };
		D2555AD127B159740000CE9F /* bleep.wav */ = {isa = PBXFileReference; lastKnownFileType = audio.wav; path = bleep.wav; sourceTree = "<group>"; };
		D2555AD227B159740000CE9F /* bleep2.wav */ = {isa = PBXFileReference; lastKnownFileType = audio.wav; path = bleep2.wav; sourceTree = "<group>"; };
		D2555AD327B159740000CE9F /* breakout.mp3 */ = {isa = PBXFileReference; lastKnownFileType = audio.mp3; path = breakout.mp3; sourceTree = "<group>"; };
		D2842AC9280FFFC800DEB423 /* animation2d.cpp */ = {isa = PBXFileReference; fileEncoding = 4; lastKnownFileType = sourcecode.cpp.cpp; path = animation2d.cpp; sourceTree = "<group>"; };
		D2842ACA280FFFC800DEB423 /* animation2d.hpp */ = {isa = PBXFileReference; fileEncoding = 4; lastKnownFileType = sourcecode.cpp.h; path = animation2d.hpp; sourceTree = "<group>"; };
		D2842ACD280FFFD700DEB423 /* mesh.hpp */ = {isa = PBXFileReference; fileEncoding = 4; lastKnownFileType = sourcecode.cpp.h; path = mesh.hpp; sourceTree = "<group>"; };
		D2842ACE280FFFD700DEB423 /* mesh.cpp */ = {isa = PBXFileReference; fileEncoding = 4; lastKnownFileType = sourcecode.cpp.cpp; path = mesh.cpp; sourceTree = "<group>"; };
		D2842AD12810003E00DEB423 /* b2points.fs */ = {isa = PBXFileReference; fileEncoding = 4; lastKnownFileType = sourcecode.glsl; path = b2points.fs; sourceTree = "<group>"; };
		D2842AD22810003E00DEB423 /* b2points.vs */ = {isa = PBXFileReference; fileEncoding = 4; lastKnownFileType = sourcecode.glsl; path = b2points.vs; sourceTree = "<group>"; };
		D2842AD32810003E00DEB423 /* b2lines.vs */ = {isa = PBXFileReference; fileEncoding = 4; lastKnownFileType = sourcecode.glsl; path = b2lines.vs; sourceTree = "<group>"; };
		D2842AD42810003E00DEB423 /* ui.fs */ = {isa = PBXFileReference; fileEncoding = 4; lastKnownFileType = sourcecode.glsl; path = ui.fs; sourceTree = "<group>"; };
		D2842AD52810003E00DEB423 /* ui.vs */ = {isa = PBXFileReference; fileEncoding = 4; lastKnownFileType = sourcecode.glsl; path = ui.vs; sourceTree = "<group>"; };
		D2842AD62810003E00DEB423 /* b2lines.fs */ = {isa = PBXFileReference; fileEncoding = 4; lastKnownFileType = sourcecode.glsl; path = b2lines.fs; sourceTree = "<group>"; };
		D2842ADF281003FF00DEB423 /* tile.hpp */ = {isa = PBXFileReference; fileEncoding = 4; lastKnownFileType = sourcecode.cpp.h; path = tile.hpp; sourceTree = "<group>"; };
		D2842AE0281003FF00DEB423 /* tile.cpp */ = {isa = PBXFileReference; fileEncoding = 4; lastKnownFileType = sourcecode.cpp.cpp; path = tile.cpp; sourceTree = "<group>"; };
		D29DF98D272E6FF80046B2EE /* BreakoutEx.app */ = {isa = PBXFileReference; explicitFileType = wrapper.application; includeInIndex = 0; path = BreakoutEx.app; sourceTree = BUILT_PRODUCTS_DIR; };
		D29DF9A0272E6FF90046B2EE /* Assets.xcassets */ = {isa = PBXFileReference; lastKnownFileType = folder.assetcatalog; path = Assets.xcassets; sourceTree = "<group>"; };
		D29DF9A2272E6FF90046B2EE /* Info.plist */ = {isa = PBXFileReference; lastKnownFileType = text.plist.xml; path = Info.plist; sourceTree = "<group>"; };
		D29DF9A3272E6FF90046B2EE /* main.m */ = {isa = PBXFileReference; lastKnownFileType = sourcecode.c.objc; path = main.m; sourceTree = "<group>"; };
		D29DF9AC272E70820046B2EE /* texture.cpp */ = {isa = PBXFileReference; fileEncoding = 4; lastKnownFileType = sourcecode.cpp.cpp; path = texture.cpp; sourceTree = "<group>"; };
		D29DF9AD272E70820046B2EE /* resource_manager.hpp */ = {isa = PBXFileReference; fileEncoding = 4; lastKnownFileType = sourcecode.cpp.h; path = resource_manager.hpp; sourceTree = "<group>"; };
		D29DF9AE272E70820046B2EE /* stb_image.h */ = {isa = PBXFileReference; fileEncoding = 4; lastKnownFileType = sourcecode.c.h; path = stb_image.h; sourceTree = "<group>"; };
		D29DF9AF272E70820046B2EE /* sprite_renderer.hpp */ = {isa = PBXFileReference; fileEncoding = 4; lastKnownFileType = sourcecode.cpp.h; path = sprite_renderer.hpp; sourceTree = "<group>"; };
		D29DF9B1272E70820046B2EE /* file_compat.h */ = {isa = PBXFileReference; fileEncoding = 4; lastKnownFileType = sourcecode.c.h; path = file_compat.h; sourceTree = "<group>"; };
		D29DF9B2272E70820046B2EE /* resource_manager.cpp */ = {isa = PBXFileReference; fileEncoding = 4; lastKnownFileType = sourcecode.cpp.cpp; path = resource_manager.cpp; sourceTree = "<group>"; };
		D29DF9B3272E70820046B2EE /* texture.hpp */ = {isa = PBXFileReference; fileEncoding = 4; lastKnownFileType = sourcecode.cpp.h; path = texture.hpp; sourceTree = "<group>"; };
		D29DF9B5272E70820046B2EE /* block_solid.png */ = {isa = PBXFileReference; lastKnownFileType = image.png; path = block_solid.png; sourceTree = "<group>"; };
		D29DF9B6272E70820046B2EE /* block.png */ = {isa = PBXFileReference; lastKnownFileType = image.png; path = block.png; sourceTree = "<group>"; };
		D29DF9B7272E70820046B2EE /* awesomeface.png */ = {isa = PBXFileReference; lastKnownFileType = image.png; path = awesomeface.png; sourceTree = "<group>"; };
		D29DF9B8272E70820046B2EE /* sprite_renderer.cpp */ = {isa = PBXFileReference; fileEncoding = 4; lastKnownFileType = sourcecode.cpp.cpp; path = sprite_renderer.cpp; sourceTree = "<group>"; };
		D29DF9BA272E70820046B2EE /* post_processing.fs */ = {isa = PBXFileReference; fileEncoding = 4; lastKnownFileType = sourcecode.glsl; path = post_processing.fs; sourceTree = "<group>"; };
		D29DF9BB272E70820046B2EE /* text_2d.vs */ = {isa = PBXFileReference; fileEncoding = 4; lastKnownFileType = sourcecode.glsl; path = text_2d.vs; sourceTree = "<group>"; };
		D29DF9BC272E70820046B2EE /* sprite.fs */ = {isa = PBXFileReference; fileEncoding = 4; lastKnownFileType = sourcecode.glsl; path = sprite.fs; sourceTree = "<group>"; };
		D29DF9BD272E70820046B2EE /* particle.fs */ = {isa = PBXFileReference; fileEncoding = 4; lastKnownFileType = sourcecode.glsl; path = particle.fs; sourceTree = "<group>"; };
		D29DF9BE272E70820046B2EE /* sprite.vs */ = {isa = PBXFileReference; fileEncoding = 4; lastKnownFileType = sourcecode.glsl; path = sprite.vs; sourceTree = "<group>"; };
		D29DF9BF272E70820046B2EE /* particle.vs */ = {isa = PBXFileReference; fileEncoding = 4; lastKnownFileType = sourcecode.glsl; path = particle.vs; sourceTree = "<group>"; };
		D29DF9C0272E70820046B2EE /* post_processing.vs */ = {isa = PBXFileReference; fileEncoding = 4; lastKnownFileType = sourcecode.glsl; path = post_processing.vs; sourceTree = "<group>"; };
		D29DF9C1272E70820046B2EE /* text_2d.fs */ = {isa = PBXFileReference; fileEncoding = 4; lastKnownFileType = sourcecode.glsl; path = text_2d.fs; sourceTree = "<group>"; };
		D29DF9C2272E70820046B2EE /* game.cpp */ = {isa = PBXFileReference; fileEncoding = 4; lastKnownFileType = sourcecode.cpp.cpp; path = game.cpp; sourceTree = "<group>"; };
		D29DF9C3272E70820046B2EE /* simple.frag */ = {isa = PBXFileReference; fileEncoding = 4; lastKnownFileType = sourcecode.glsl; path = simple.frag; sourceTree = "<group>"; };
		D29DF9C4272E70820046B2EE /* game.hpp */ = {isa = PBXFileReference; fileEncoding = 4; lastKnownFileType = sourcecode.cpp.h; path = game.hpp; sourceTree = "<group>"; };
		D29DF9C7272E70820046B2EE /* glfm.h */ = {isa = PBXFileReference; fileEncoding = 4; lastKnownFileType = sourcecode.c.h; path = glfm.h; sourceTree = "<group>"; };
		D29DF9C9272E70820046B2EE /* glfm_platform_emscripten.c */ = {isa = PBXFileReference; fileEncoding = 4; lastKnownFileType = sourcecode.c.c; path = glfm_platform_emscripten.c; sourceTree = "<group>"; };
		D29DF9CA272E70820046B2EE /* glfm_platform_android.c */ = {isa = PBXFileReference; fileEncoding = 4; lastKnownFileType = sourcecode.c.c; path = glfm_platform_android.c; sourceTree = "<group>"; };
		D29DF9CB272E70820046B2EE /* glfm_platform.h */ = {isa = PBXFileReference; fileEncoding = 4; lastKnownFileType = sourcecode.c.h; path = glfm_platform.h; sourceTree = "<group>"; };
		D29DF9CC272E70820046B2EE /* glfm_platform_ios.m */ = {isa = PBXFileReference; fileEncoding = 4; lastKnownFileType = sourcecode.c.objc; path = glfm_platform_ios.m; sourceTree = "<group>"; };
		D29DF9CD272E70820046B2EE /* simple.vert */ = {isa = PBXFileReference; fileEncoding = 4; lastKnownFileType = sourcecode.glsl; path = simple.vert; sourceTree = "<group>"; };
		D29DF9CE272E70820046B2EE /* stb_image.cpp */ = {isa = PBXFileReference; fileEncoding = 4; lastKnownFileType = sourcecode.cpp.cpp; path = stb_image.cpp; sourceTree = "<group>"; };
		D29DF9CF272E70820046B2EE /* game_wrapper.h */ = {isa = PBXFileReference; fileEncoding = 4; lastKnownFileType = sourcecode.c.h; path = game_wrapper.h; sourceTree = "<group>"; };
		D29DF9D0272E70820046B2EE /* game_wrapper.mm */ = {isa = PBXFileReference; fileEncoding = 4; lastKnownFileType = sourcecode.cpp.objcpp; path = game_wrapper.mm; sourceTree = "<group>"; };
		D29DF9D1272E70820046B2EE /* shader.h */ = {isa = PBXFileReference; fileEncoding = 4; lastKnownFileType = sourcecode.c.h; path = shader.h; sourceTree = "<group>"; };
		D2B8EB9C27BA4ADC00535BF8 /* button.hpp */ = {isa = PBXFileReference; fileEncoding = 4; lastKnownFileType = sourcecode.cpp.h; path = button.hpp; sourceTree = "<group>"; };
		D2B8EB9D27BA4ADC00535BF8 /* button.cpp */ = {isa = PBXFileReference; fileEncoding = 4; lastKnownFileType = sourcecode.cpp.cpp; path = button.cpp; sourceTree = "<group>"; };
		D2B8EBA027BA4B0A00535BF8 /* color_renderer.hpp */ = {isa = PBXFileReference; fileEncoding = 4; lastKnownFileType = sourcecode.cpp.h; path = color_renderer.hpp; sourceTree = "<group>"; };
		D2B8EBA127BA4B0A00535BF8 /* director.hpp */ = {isa = PBXFileReference; fileEncoding = 4; lastKnownFileType = sourcecode.cpp.h; path = director.hpp; sourceTree = "<group>"; };
		D2B8EBA227BA4B0A00535BF8 /* director.cpp */ = {isa = PBXFileReference; fileEncoding = 4; lastKnownFileType = sourcecode.cpp.cpp; path = director.cpp; sourceTree = "<group>"; };
		D2B8EBA327BA4B0A00535BF8 /* color_renderer.cpp */ = {isa = PBXFileReference; fileEncoding = 4; lastKnownFileType = sourcecode.cpp.cpp; path = color_renderer.cpp; sourceTree = "<group>"; };
		D2B8EBA727BA4B2F00535BF8 /* game_over.cpp */ = {isa = PBXFileReference; fileEncoding = 4; lastKnownFileType = sourcecode.cpp.cpp; path = game_over.cpp; sourceTree = "<group>"; };
		D2B8EBA827BA4B2F00535BF8 /* scene.h */ = {isa = PBXFileReference; fileEncoding = 4; lastKnownFileType = sourcecode.c.h; path = scene.h; sourceTree = "<group>"; };
		D2B8EBA927BA4B2F00535BF8 /* game_start.hpp */ = {isa = PBXFileReference; fileEncoding = 4; lastKnownFileType = sourcecode.cpp.h; path = game_start.hpp; sourceTree = "<group>"; };
		D2B8EBAC27BA4B2F00535BF8 /* scene.cpp */ = {isa = PBXFileReference; fileEncoding = 4; lastKnownFileType = sourcecode.cpp.cpp; path = scene.cpp; sourceTree = "<group>"; };
		D2B8EBAD27BA4B2F00535BF8 /* game_pause.cpp */ = {isa = PBXFileReference; fileEncoding = 4; lastKnownFileType = sourcecode.cpp.cpp; path = game_pause.cpp; sourceTree = "<group>"; };
		D2B8EBAE27BA4B2F00535BF8 /* game_over.hpp */ = {isa = PBXFileReference; fileEncoding = 4; lastKnownFileType = sourcecode.cpp.h; path = game_over.hpp; sourceTree = "<group>"; };
		D2B8EBAF27BA4B2F00535BF8 /* game_pause.hpp */ = {isa = PBXFileReference; fileEncoding = 4; lastKnownFileType = sourcecode.cpp.h; path = game_pause.hpp; sourceTree = "<group>"; };
		D2B8EBB027BA4B2F00535BF8 /* game_start.cpp */ = {isa = PBXFileReference; fileEncoding = 4; lastKnownFileType = sourcecode.cpp.cpp; path = game_start.cpp; sourceTree = "<group>"; };
		D2B8EBB727BA4B4500535BF8 /* touch_dispatcher.hpp */ = {isa = PBXFileReference; fileEncoding = 4; lastKnownFileType = sourcecode.cpp.h; path = touch_dispatcher.hpp; sourceTree = "<group>"; };
		D2B8EBB827BA4B4500535BF8 /* touch_dispatcher.cpp */ = {isa = PBXFileReference; fileEncoding = 4; lastKnownFileType = sourcecode.cpp.cpp; path = touch_dispatcher.cpp; sourceTree = "<group>"; };
		D2B8EBB927BA4B4500535BF8 /* touch_handler.cpp */ = {isa = PBXFileReference; fileEncoding = 4; lastKnownFileType = sourcecode.cpp.cpp; path = touch_handler.cpp; sourceTree = "<group>"; };
		D2B8EBBA27BA4B4500535BF8 /* touch_handler.hpp */ = {isa = PBXFileReference; fileEncoding = 4; lastKnownFileType = sourcecode.cpp.h; path = touch_handler.hpp; sourceTree = "<group>"; };
		D2B8EBBB27BA4B4500535BF8 /* touch_delegate_protocol.h */ = {isa = PBXFileReference; fileEncoding = 4; lastKnownFileType = sourcecode.c.h; path = touch_delegate_protocol.h; sourceTree = "<group>"; };
		D2B8EBBF27BA50F700535BF8 /* zanting.png */ = {isa = PBXFileReference; lastKnownFileType = image.png; path = zanting.png; sourceTree = "<group>"; };
		D2B8EBC027BA50F700535BF8 /* continue.png */ = {isa = PBXFileReference; lastKnownFileType = image.png; path = continue.png; sourceTree = "<group>"; };
		D2B8EBC127BA50F700535BF8 /* paiming.png */ = {isa = PBXFileReference; lastKnownFileType = image.png; path = paiming.png; sourceTree = "<group>"; };
		D2B8EBC227BA50F700535BF8 /* shezhi.png */ = {isa = PBXFileReference; lastKnownFileType = image.png; path = shezhi.png; sourceTree = "<group>"; };
		D2B8EBC327BA50F700535BF8 /* zaitiaozhan.png */ = {isa = PBXFileReference; lastKnownFileType = image.png; path = zaitiaozhan.png; sourceTree = "<group>"; };
		D2B8EBC427BA50F700535BF8 /* zhuye.png */ = {isa = PBXFileReference; lastKnownFileType = image.png; path = zhuye.png; sourceTree = "<group>"; };
		D2B8EBC527BA50F700535BF8 /* shengyin_g.png */ = {isa = PBXFileReference; lastKnownFileType = image.png; path = shengyin_g.png; sourceTree = "<group>"; };
		D2B8EBC627BA50F700535BF8 /* fenxiang.png */ = {isa = PBXFileReference; lastKnownFileType = image.png; path = fenxiang.png; sourceTree = "<group>"; };
		D2B8EBC727BA50F700535BF8 /* kaishi.png */ = {isa = PBXFileReference; lastKnownFileType = image.png; path = kaishi.png; sourceTree = "<group>"; };
		D2B8EBC827BA50F800535BF8 /* shengyin_k.png */ = {isa = PBXFileReference; lastKnownFileType = image.png; path = shengyin_k.png; sourceTree = "<group>"; };
		D2B8EBC927BA50F800535BF8 /* dianzan.png */ = {isa = PBXFileReference; lastKnownFileType = image.png; path = dianzan.png; sourceTree = "<group>"; };
		D2B8EBD627BA5F9300535BF8 /* color.fs */ = {isa = PBXFileReference; fileEncoding = 4; lastKnownFileType = sourcecode.glsl; path = color.fs; sourceTree = "<group>"; };
		D2B8EBD727BA5F9300535BF8 /* color.vs */ = {isa = PBXFileReference; fileEncoding = 4; lastKnownFileType = sourcecode.glsl; path = color.vs; sourceTree = "<group>"; };
		D2C301DC27A5418E00D3A00C /* libfreetype.a */ = {isa = PBXFileReference; lastKnownFileType = archive.ar; path = libfreetype.a; sourceTree = "<group>"; };
		D2C3022427A546C800D3A00C /* text_renderer.cpp */ = {isa = PBXFileReference; lastKnownFileType = sourcecode.cpp.cpp; path = text_renderer.cpp; sourceTree = "<group>"; };
		D2C3022527A546C800D3A00C /* text_renderer.hpp */ = {isa = PBXFileReference; lastKnownFileType = sourcecode.cpp.h; path = text_renderer.hpp; sourceTree = "<group>"; };
		D2C3022D27A550EA00D3A00C /* default.ttf */ = {isa = PBXFileReference; lastKnownFileType = file; path = default.ttf; sourceTree = "<group>"; };
		D2C8477A27D4F643008D8B22 /* mesh.vs */ = {isa = PBXFileReference; fileEncoding = 4; lastKnownFileType = sourcecode.glsl; path = mesh.vs; sourceTree = "<group>"; };
		D2C8477B27D4F643008D8B22 /* mesh.fs */ = {isa = PBXFileReference; fileEncoding = 4; lastKnownFileType = sourcecode.glsl; path = mesh.fs; sourceTree = "<group>"; };
		D2C8478327D4FAF1008D8B22 /* camera.h */ = {isa = PBXFileReference; fileEncoding = 4; lastKnownFileType = sourcecode.c.h; path = camera.h; sourceTree = "<group>"; };
		D2C8479627D5B85A008D8B22 /* cube.fs */ = {isa = PBXFileReference; fileEncoding = 4; lastKnownFileType = sourcecode.glsl; path = cube.fs; sourceTree = "<group>"; };
		D2C8479727D5B85A008D8B22 /* cube.vs */ = {isa = PBXFileReference; fileEncoding = 4; lastKnownFileType = sourcecode.glsl; path = cube.vs; sourceTree = "<group>"; };
		D2C8479D27D64084008D8B22 /* objloader.cpp */ = {isa = PBXFileReference; lastKnownFileType = sourcecode.cpp.cpp; path = objloader.cpp; sourceTree = "<group>"; };
		D2C8479E27D64084008D8B22 /* objloader.hpp */ = {isa = PBXFileReference; lastKnownFileType = sourcecode.cpp.h; path = objloader.hpp; sourceTree = "<group>"; };
		D2C847E827D73910008D8B22 /* animation.hpp */ = {isa = PBXFileReference; fileEncoding = 4; lastKnownFileType = sourcecode.cpp.h; path = animation.hpp; sourceTree = "<group>"; };
		D2C847E927D73910008D8B22 /* animation.cpp */ = {isa = PBXFileReference; fileEncoding = 4; lastKnownFileType = sourcecode.cpp.cpp; path = animation.cpp; sourceTree = "<group>"; };
		D2C847F127D79414008D8B22 /* model.cpp */ = {isa = PBXFileReference; lastKnownFileType = sourcecode.cpp.cpp; path = model.cpp; sourceTree = "<group>"; };
		D2C847F227D79414008D8B22 /* model.hpp */ = {isa = PBXFileReference; lastKnownFileType = sourcecode.cpp.h; path = model.hpp; sourceTree = "<group>"; };
		D2C847F527D841A2008D8B22 /* model_cache.cpp */ = {isa = PBXFileReference; lastKnownFileType = sourcecode.cpp.cpp; path = model_cache.cpp; sourceTree = "<group>"; };
		D2C847F627D841A2008D8B22 /* model_cache.hpp */ = {isa = PBXFileReference; lastKnownFileType = sourcecode.cpp.h; path = model_cache.hpp; sourceTree = "<group>"; };
		D2C847F927D8695B008D8B22 /* textureMask.png */ = {isa = PBXFileReference; lastKnownFileType = image.png; path = textureMask.png; sourceTree = "<group>"; };
		D2C847FF27D8DE0D008D8B22 /* arrow.png */ = {isa = PBXFileReference; lastKnownFileType = image.png; path = arrow.png; sourceTree = "<group>"; };
		D2C8480A27D9C111008D8B22 /* model_object.cpp */ = {isa = PBXFileReference; lastKnownFileType = sourcecode.cpp.cpp; path = model_object.cpp; sourceTree = "<group>"; };
		D2C8480B27D9C111008D8B22 /* model_object.hpp */ = {isa = PBXFileReference; lastKnownFileType = sourcecode.cpp.h; path = model_object.hpp; sourceTree = "<group>"; };
		D2C8481327DCBE25008D8B22 /* depth.vs */ = {isa = PBXFileReference; fileEncoding = 4; lastKnownFileType = sourcecode.glsl; path = depth.vs; sourceTree = "<group>"; };
		D2C8481427DCBE25008D8B22 /* depth.fs */ = {isa = PBXFileReference; fileEncoding = 4; lastKnownFileType = sourcecode.glsl; path = depth.fs; sourceTree = "<group>"; };
		D2C8481827DCCA1E008D8B22 /* metal.png */ = {isa = PBXFileReference; lastKnownFileType = image.png; path = metal.png; sourceTree = "<group>"; };
		D2C8481927DCCA1E008D8B22 /* marble.jpg */ = {isa = PBXFileReference; lastKnownFileType = image.jpeg; path = marble.jpg; sourceTree = "<group>"; };
		D2C8483427E9BB5E008D8B22 /* mulight.vs */ = {isa = PBXFileReference; fileEncoding = 4; lastKnownFileType = sourcecode.glsl; path = mulight.vs; sourceTree = "<group>"; };
		D2C8483527E9BB5E008D8B22 /* mulight.fs */ = {isa = PBXFileReference; fileEncoding = 4; lastKnownFileType = sourcecode.glsl; path = mulight.fs; sourceTree = "<group>"; };
		D2C8483E27EB122B008D8B22 /* lighting.vs */ = {isa = PBXFileReference; fileEncoding = 4; lastKnownFileType = sourcecode.glsl; path = lighting.vs; sourceTree = "<group>"; };
		D2C8483F27EB122B008D8B22 /* lighting.fs */ = {isa = PBXFileReference; fileEncoding = 4; lastKnownFileType = sourcecode.glsl; path = lighting.fs; sourceTree = "<group>"; };
		D2CC2A7F27CFA83000826657 /* touch_area.cpp */ = {isa = PBXFileReference; lastKnownFileType = sourcecode.cpp.cpp; path = touch_area.cpp; sourceTree = "<group>"; };
		D2CC2A8027CFA83000826657 /* touch_area.hpp */ = {isa = PBXFileReference; lastKnownFileType = sourcecode.cpp.h; path = touch_area.hpp; sourceTree = "<group>"; };
		D2CC2A8327D0706F00826657 /* global.cpp */ = {isa = PBXFileReference; lastKnownFileType = sourcecode.cpp.cpp; path = global.cpp; sourceTree = "<group>"; };
		D2CC2A8427D0706F00826657 /* global.hpp */ = {isa = PBXFileReference; lastKnownFileType = sourcecode.cpp.h; path = global.hpp; sourceTree = "<group>"; };
/* End PBXFileReference section */

/* Begin PBXFrameworksBuildPhase section */
		D29DF98A272E6FF80046B2EE /* Frameworks */ = {
			isa = PBXFrameworksBuildPhase;
			buildActionMask = 2147483647;
			files = (
				D2C3021D27A5445900D3A00C /* libfreetype.a in Frameworks */,
			);
			runOnlyForDeploymentPostprocessing = 0;
		};
/* End PBXFrameworksBuildPhase section */

/* Begin PBXGroup section */
		D24E178627A6E1D800901431 /* levels */ = {
			isa = PBXGroup;
			children = (
				D24E178727A6E1D800901431 /* one.lvl */,
				D24E178827A6E1D800901431 /* three.lvl */,
				D24E178927A6E1D800901431 /* four.lvl */,
				D24E178A27A6E1D800901431 /* two.lvl */,
			);
			path = levels;
			sourceTree = "<group>";
		};
		D2555AB627B154330000CE9F /* CocosDenshion */ = {
			isa = PBXGroup;
			children = (
				D2555AB727B154330000CE9F /* include */,
				D2555ABA27B154330000CE9F /* ios */,
			);
			path = CocosDenshion;
			sourceTree = "<group>";
		};
		D2555AB727B154330000CE9F /* include */ = {
			isa = PBXGroup;
			children = (
				D2555AB827B154330000CE9F /* Export.h */,
				D2555AB927B154330000CE9F /* SimpleAudioEngine.h */,
			);
			path = include;
			sourceTree = "<group>";
		};
		D2555ABA27B154330000CE9F /* ios */ = {
			isa = PBXGroup;
			children = (
				D2555ABB27B154330000CE9F /* CDConfig.h */,
				D2555ABC27B154330000CE9F /* CDOpenALSupport.m */,
				D2555ABD27B154330000CE9F /* CDAudioManager.m */,
				D2555ABE27B154330000CE9F /* SimpleAudioEngine_objc.h */,
				D2555ABF27B154330000CE9F /* CocosDenshion.m */,
				D2555AC027B154330000CE9F /* CDOpenALSupport.h */,
				D2555AC127B154330000CE9F /* CDAudioManager.h */,
				D2555AC227B154330000CE9F /* CocosDenshion.h */,
				D2555AC327B154330000CE9F /* SimpleAudioEngine_objc.m */,
				D2555AC427B154330000CE9F /* SimpleAudioEngine.mm */,
			);
			path = ios;
			sourceTree = "<group>";
		};
		D2555ACC27B159740000CE9F /* audio */ = {
			isa = PBXGroup;
			children = (
				D2555ACD27B159740000CE9F /* powerup.wav */,
				D2555ACE27B159740000CE9F /* bleep.mp3 */,
				D2555ACF27B159740000CE9F /* solid.wav */,
				D2555AD027B159740000CE9F /* breakout.wav */,
				D2555AD127B159740000CE9F /* bleep.wav */,
				D2555AD227B159740000CE9F /* bleep2.wav */,
				D2555AD327B159740000CE9F /* breakout.mp3 */,
			);
			path = audio;
			sourceTree = "<group>";
		};
		D2842AB7280FFA8F00DEB423 /* LibEx */ = {
			isa = PBXGroup;
			children = (
				D2CC2A8327D0706F00826657 /* global.cpp */,
				D2CC2A8427D0706F00826657 /* global.hpp */,
				D2842AE528115A5100DEB423 /* core */,
				D2842ADE281003FF00DEB423 /* tilemap */,
				D2842ABC280FFBF900DEB423 /* utils */,
				D2842ABB280FFB7C00DEB423 /* animation */,
				D2842ABA280FFB7200DEB423 /* rendering */,
				D2842AB9280FFAD700DEB423 /* scene */,
				D2842AB8280FFAA200DEB423 /* touch */,
			);
			path = LibEx;
			sourceTree = "<group>";
		};
		D2842AB8280FFAA200DEB423 /* touch */ = {
			isa = PBXGroup;
			children = (
				D2CC2A7F27CFA83000826657 /* touch_area.cpp */,
				D2CC2A8027CFA83000826657 /* touch_area.hpp */,
				D2B8EB9D27BA4ADC00535BF8 /* button.cpp */,
				D2B8EB9C27BA4ADC00535BF8 /* button.hpp */,
				D2B8EBBB27BA4B4500535BF8 /* touch_delegate_protocol.h */,
				D2B8EBB827BA4B4500535BF8 /* touch_dispatcher.cpp */,
				D2B8EBB727BA4B4500535BF8 /* touch_dispatcher.hpp */,
				D2B8EBB927BA4B4500535BF8 /* touch_handler.cpp */,
				D2B8EBBA27BA4B4500535BF8 /* touch_handler.hpp */,
			);
			path = touch;
			sourceTree = "<group>";
		};
		D2842AB9280FFAD700DEB423 /* scene */ = {
			isa = PBXGroup;
			children = (
				D2B8EBAC27BA4B2F00535BF8 /* scene.cpp */,
				D2B8EBA827BA4B2F00535BF8 /* scene.h */,
				D2B8EBA227BA4B0A00535BF8 /* director.cpp */,
				D2B8EBA127BA4B0A00535BF8 /* director.hpp */,
			);
			path = scene;
			sourceTree = "<group>";
		};
		D2842ABA280FFB7200DEB423 /* rendering */ = {
			isa = PBXGroup;
			children = (
				D2842ACE280FFFD700DEB423 /* mesh.cpp */,
				D2842ACD280FFFD700DEB423 /* mesh.hpp */,
				D2B8EBA327BA4B0A00535BF8 /* color_renderer.cpp */,
				D2B8EBA027BA4B0A00535BF8 /* color_renderer.hpp */,
				D24E173527A6D83B00901431 /* mesh_renderer.cpp */,
				D24E172C27A6D83B00901431 /* mesh_renderer.hpp */,
				D24E172E27A6D83B00901431 /* particle_generator.cpp */,
				D24E173627A6D83B00901431 /* particle_generator.hpp */,
				D24E173A27A6D83B00901431 /* post_processor.cpp */,
				D24E173727A6D83B00901431 /* post_processor.hpp */,
				D29DF9B8272E70820046B2EE /* sprite_renderer.cpp */,
				D29DF9AF272E70820046B2EE /* sprite_renderer.hpp */,
				D29DF9AC272E70820046B2EE /* texture.cpp */,
				D29DF9B3272E70820046B2EE /* texture.hpp */,
				D2C3022427A546C800D3A00C /* text_renderer.cpp */,
				D2C3022527A546C800D3A00C /* text_renderer.hpp */,
				D2C847F127D79414008D8B22 /* model.cpp */,
				D2C847F227D79414008D8B22 /* model.hpp */,
				D2C847F527D841A2008D8B22 /* model_cache.cpp */,
				D2C847F627D841A2008D8B22 /* model_cache.hpp */,
			);
			path = rendering;
			sourceTree = "<group>";
		};
		D2842ABB280FFB7C00DEB423 /* animation */ = {
			isa = PBXGroup;
			children = (
				D2842AC9280FFFC800DEB423 /* animation2d.cpp */,
				D2842ACA280FFFC800DEB423 /* animation2d.hpp */,
				D2C847E927D73910008D8B22 /* animation.cpp */,
				D2C847E827D73910008D8B22 /* animation.hpp */,
			);
			path = animation;
			sourceTree = "<group>";
		};
		D2842ABC280FFBF900DEB423 /* utils */ = {
			isa = PBXGroup;
			children = (
				D24E174627A6D83B00901431 /* glad.h */,
				D29DF9B1272E70820046B2EE /* file_compat.h */,
				D29DF9B2272E70820046B2EE /* resource_manager.cpp */,
				D29DF9AD272E70820046B2EE /* resource_manager.hpp */,
				D204B27427D1B653001E07A1 /* color.h */,
				D204B27627D21845001E07A1 /* utils.h */,
				D204B27727D21865001E07A1 /* utils.cpp */,
				D2C8479D27D64084008D8B22 /* objloader.cpp */,
				D2C8479E27D64084008D8B22 /* objloader.hpp */,
			);
			path = utils;
			sourceTree = "<group>";
		};
		D2842AC7280FFEA300DEB423 /* stb */ = {
			isa = PBXGroup;
			children = (
				D29DF9CE272E70820046B2EE /* stb_image.cpp */,
				D29DF9AE272E70820046B2EE /* stb_image.h */,
			);
			path = stb;
			sourceTree = "<group>";
		};
		D2842ADE281003FF00DEB423 /* tilemap */ = {
			isa = PBXGroup;
			children = (
				D2842ADF281003FF00DEB423 /* tile.hpp */,
				D2842AE0281003FF00DEB423 /* tile.cpp */,
			);
			path = tilemap;
			sourceTree = "<group>";
		};
		D2842AE528115A5100DEB423 /* core */ = {
			isa = PBXGroup;
			children = (
				D24E174727A6D83B00901431 /* game_object.cpp */,
				D24E172F27A6D83B00901431 /* game_object.hpp */,
				D24E173327A6D83B00901431 /* mesh_object.cpp */,
				D24E173827A6D83B00901431 /* mesh_object.hpp */,
				D24E173427A6D83B00901431 /* object.cpp */,
				D24E173027A6D83B00901431 /* object.hpp */,
				D24E173C27A6D83B00901431 /* sprite_object.cpp */,
				D24E172D27A6D83B00901431 /* sprite_object.hpp */,
				D2C8480A27D9C111008D8B22 /* model_object.cpp */,
				D2C8480B27D9C111008D8B22 /* model_object.hpp */,
				D2C8478327D4FAF1008D8B22 /* camera.h */,
				D29DF9D1272E70820046B2EE /* shader.h */,
			);
			path = core;
			sourceTree = "<group>";
		};
		D2842AE728115B9E00DEB423 /* game */ = {
			isa = PBXGroup;
			children = (
				D24E173127A6D83B00901431 /* ball_object.cpp */,
				D24E173927A6D83B00901431 /* ball_object.hpp */,
				D24E173D27A6D83B00901431 /* game_level.cpp */,
				D24E173227A6D83B00901431 /* game_level.hpp */,
				D24E173B27A6D83B00901431 /* power_up.h */,
				D29DF9C2272E70820046B2EE /* game.cpp */,
				D29DF9C4272E70820046B2EE /* game.hpp */,
				D2B8EBA727BA4B2F00535BF8 /* game_over.cpp */,
				D2B8EBAE27BA4B2F00535BF8 /* game_over.hpp */,
				D2B8EBAD27BA4B2F00535BF8 /* game_pause.cpp */,
				D2B8EBAF27BA4B2F00535BF8 /* game_pause.hpp */,
				D2B8EBB027BA4B2F00535BF8 /* game_start.cpp */,
				D2B8EBA927BA4B2F00535BF8 /* game_start.hpp */,
			);
			path = game;
			sourceTree = "<group>";
		};
		D29DF984272E6FF80046B2EE = {
			isa = PBXGroup;
			children = (
				D29DF98F272E6FF80046B2EE /* BreakoutEx */,
				D29DF98E272E6FF80046B2EE /* Products */,
				D2C3021C27A5445900D3A00C /* Frameworks */,
			);
			sourceTree = "<group>";
		};
		D29DF98E272E6FF80046B2EE /* Products */ = {
			isa = PBXGroup;
			children = (
				D29DF98D272E6FF80046B2EE /* BreakoutEx.app */,
			);
			name = Products;
			sourceTree = "<group>";
		};
		D29DF98F272E6FF80046B2EE /* BreakoutEx */ = {
			isa = PBXGroup;
			children = (
				D2842AE728115B9E00DEB423 /* game */,
				D2842AC7280FFEA300DEB423 /* stb */,
				D2842AB7280FFA8F00DEB423 /* LibEx */,
				D2555ACC27B159740000CE9F /* audio */,
				D2555AB627B154330000CE9F /* CocosDenshion */,
				D24E178627A6E1D800901431 /* levels */,
				D2C3022C27A550EA00D3A00C /* fonts */,
				D2C301A427A5418D00D3A00C /* external */,
				D29DF9C5272E70820046B2EE /* glfm */,
				D29DF9B9272E70820046B2EE /* shaders */,
				D29DF9B4272E70820046B2EE /* textures */,
				D29DF9A0272E6FF90046B2EE /* Assets.xcassets */,
				D29DF9A2272E6FF90046B2EE /* Info.plist */,
				D29DF9CF272E70820046B2EE /* game_wrapper.h */,
				D29DF9D0272E70820046B2EE /* game_wrapper.mm */,
				D29DF9A3272E6FF90046B2EE /* main.m */,
			);
			path = BreakoutEx;
			sourceTree = "<group>";
		};
		D29DF9B4272E70820046B2EE /* textures */ = {
			isa = PBXGroup;
			children = (
				D2C8481927DCCA1E008D8B22 /* marble.jpg */,
				D2C8481827DCCA1E008D8B22 /* metal.png */,
				D2C847FF27D8DE0D008D8B22 /* arrow.png */,
				D2C847F927D8695B008D8B22 /* textureMask.png */,
				D2B8EBC027BA50F700535BF8 /* continue.png */,
				D2B8EBC927BA50F800535BF8 /* dianzan.png */,
				D2B8EBC627BA50F700535BF8 /* fenxiang.png */,
				D2B8EBC727BA50F700535BF8 /* kaishi.png */,
				D2B8EBC127BA50F700535BF8 /* paiming.png */,
				D2B8EBC527BA50F700535BF8 /* shengyin_g.png */,
				D2B8EBC827BA50F800535BF8 /* shengyin_k.png */,
				D2B8EBC227BA50F700535BF8 /* shezhi.png */,
				D2B8EBC327BA50F700535BF8 /* zaitiaozhan.png */,
				D2B8EBBF27BA50F700535BF8 /* zanting.png */,
				D2B8EBC427BA50F700535BF8 /* zhuye.png */,
				D24E175D27A6D88400901431 /* background.jpg */,
				D24E176127A6D88400901431 /* paddle.png */,
				D24E176227A6D88400901431 /* particle.png */,
				D24E176927A6D88400901431 /* powerup_chaos.png */,
				D24E176A27A6D88400901431 /* powerup_confuse.png */,
				D24E175B27A6D88400901431 /* powerup_increase.png */,
				D24E176827A6D88400901431 /* powerup_passthrough.png */,
				D24E175E27A6D88400901431 /* powerup_speed.png */,
				D24E175F27A6D88400901431 /* powerup_sticky.png */,
				D29DF9B5272E70820046B2EE /* block_solid.png */,
				D29DF9B6272E70820046B2EE /* block.png */,
				D29DF9B7272E70820046B2EE /* awesomeface.png */,
			);
			path = textures;
			sourceTree = "<group>";
		};
		D29DF9B9272E70820046B2EE /* shaders */ = {
			isa = PBXGroup;
			children = (
				D2842AD62810003E00DEB423 /* b2lines.fs */,
				D2842AD32810003E00DEB423 /* b2lines.vs */,
				D2842AD12810003E00DEB423 /* b2points.fs */,
				D2842AD22810003E00DEB423 /* b2points.vs */,
				D2842AD42810003E00DEB423 /* ui.fs */,
				D2842AD52810003E00DEB423 /* ui.vs */,
				D2C8483F27EB122B008D8B22 /* lighting.fs */,
				D2C8483E27EB122B008D8B22 /* lighting.vs */,
				D2C8483527E9BB5E008D8B22 /* mulight.fs */,
				D2C8483427E9BB5E008D8B22 /* mulight.vs */,
				D2C8481427DCBE25008D8B22 /* depth.fs */,
				D2C8481327DCBE25008D8B22 /* depth.vs */,
				D2C8479627D5B85A008D8B22 /* cube.fs */,
				D2C8479727D5B85A008D8B22 /* cube.vs */,
				D2C8477B27D4F643008D8B22 /* mesh.fs */,
				D2C8477A27D4F643008D8B22 /* mesh.vs */,
				D2B8EBD627BA5F9300535BF8 /* color.fs */,
				D2B8EBD727BA5F9300535BF8 /* color.vs */,
				D29DF9C3272E70820046B2EE /* simple.frag */,
				D29DF9CD272E70820046B2EE /* simple.vert */,
				D29DF9BA272E70820046B2EE /* post_processing.fs */,
				D29DF9BB272E70820046B2EE /* text_2d.vs */,
				D29DF9BC272E70820046B2EE /* sprite.fs */,
				D29DF9BD272E70820046B2EE /* particle.fs */,
				D29DF9BE272E70820046B2EE /* sprite.vs */,
				D29DF9BF272E70820046B2EE /* particle.vs */,
				D29DF9C0272E70820046B2EE /* post_processing.vs */,
				D29DF9C1272E70820046B2EE /* text_2d.fs */,
			);
			path = shaders;
			sourceTree = "<group>";
		};
		D29DF9C5272E70820046B2EE /* glfm */ = {
			isa = PBXGroup;
			children = (
				D29DF9C6272E70820046B2EE /* include */,
				D29DF9C8272E70820046B2EE /* src */,
			);
			path = glfm;
			sourceTree = "<group>";
		};
		D29DF9C6272E70820046B2EE /* include */ = {
			isa = PBXGroup;
			children = (
				D29DF9C7272E70820046B2EE /* glfm.h */,
			);
			path = include;
			sourceTree = "<group>";
		};
		D29DF9C8272E70820046B2EE /* src */ = {
			isa = PBXGroup;
			children = (
				D29DF9C9272E70820046B2EE /* glfm_platform_emscripten.c */,
				D29DF9CA272E70820046B2EE /* glfm_platform_android.c */,
				D29DF9CB272E70820046B2EE /* glfm_platform.h */,
				D29DF9CC272E70820046B2EE /* glfm_platform_ios.m */,
			);
			path = src;
			sourceTree = "<group>";
		};
		D2C301A427A5418D00D3A00C /* external */ = {
			isa = PBXGroup;
			children = (
				D2C301DB27A5418E00D3A00C /* prebuild */,
			);
			path = external;
			sourceTree = "<group>";
		};
		D2C301DB27A5418E00D3A00C /* prebuild */ = {
			isa = PBXGroup;
			children = (
				D2C301DD27A5418E00D3A00C /* freetype2 */,
			);
			path = prebuild;
			sourceTree = "<group>";
		};
		D2C301DD27A5418E00D3A00C /* freetype2 */ = {
			isa = PBXGroup;
			children = (
				D2C301DC27A5418E00D3A00C /* libfreetype.a */,
			);
			path = freetype2;
			sourceTree = "<group>";
		};
		D2C3021C27A5445900D3A00C /* Frameworks */ = {
			isa = PBXGroup;
			children = (
			);
			name = Frameworks;
			sourceTree = "<group>";
		};
		D2C3022C27A550EA00D3A00C /* fonts */ = {
			isa = PBXGroup;
			children = (
				D2C3022D27A550EA00D3A00C /* default.ttf */,
			);
			path = fonts;
			sourceTree = "<group>";
		};
/* End PBXGroup section */

/* Begin PBXNativeTarget section */
		D29DF98C272E6FF80046B2EE /* BreakoutEx */ = {
			isa = PBXNativeTarget;
			buildConfigurationList = D29DF9A7272E6FF90046B2EE /* Build configuration list for PBXNativeTarget "BreakoutEx" */;
			buildPhases = (
				D29DF989272E6FF80046B2EE /* Sources */,
				D29DF98A272E6FF80046B2EE /* Frameworks */,
				D29DF98B272E6FF80046B2EE /* Resources */,
			);
			buildRules = (
			);
			dependencies = (
			);
			name = BreakoutEx;
			productName = BreakoutEx;
			productReference = D29DF98D272E6FF80046B2EE /* BreakoutEx.app */;
			productType = "com.apple.product-type.application";
		};
/* End PBXNativeTarget section */

/* Begin PBXProject section */
		D29DF985272E6FF80046B2EE /* Project object */ = {
			isa = PBXProject;
			attributes = {
				LastUpgradeCheck = 1240;
				TargetAttributes = {
					D29DF98C272E6FF80046B2EE = {
						CreatedOnToolsVersion = 12.4;
					};
				};
			};
			buildConfigurationList = D29DF988272E6FF80046B2EE /* Build configuration list for PBXProject "BreakoutEx" */;
			compatibilityVersion = "Xcode 9.3";
			developmentRegion = en;
			hasScannedForEncodings = 0;
			knownRegions = (
				en,
				Base,
			);
			mainGroup = D29DF984272E6FF80046B2EE;
			productRefGroup = D29DF98E272E6FF80046B2EE /* Products */;
			projectDirPath = "";
			projectRoot = "";
			targets = (
				D29DF98C272E6FF80046B2EE /* BreakoutEx */,
			);
		};
/* End PBXProject section */

/* Begin PBXResourcesBuildPhase section */
		D29DF98B272E6FF80046B2EE /* Resources */ = {
			isa = PBXResourcesBuildPhase;
			buildActionMask = 2147483647;
			files = (
				D2842ADB2810003E00DEB423 /* ui.vs in Resources */,
				D2842ADA2810003E00DEB423 /* ui.fs in Resources */,
				D2842AD72810003E00DEB423 /* b2points.fs in Resources */,
				D2555AD627B159740000CE9F /* solid.wav in Resources */,
				D2B8EBCC27BA50F800535BF8 /* paiming.png in Resources */,
				D2C8483627E9BB5E008D8B22 /* mulight.vs in Resources */,
				D29DF9E5272E70820046B2EE /* simple.vert in Resources */,
				D2555AD827B159750000CE9F /* bleep.wav in Resources */,
				D2B8EBD327BA50F800535BF8 /* shengyin_k.png in Resources */,
				D2C8481B27DCCA1E008D8B22 /* marble.jpg in Resources */,
				D2B8EBCB27BA50F800535BF8 /* continue.png in Resources */,
				D24E178B27A6E1D800901431 /* one.lvl in Resources */,
				D29DF9DE272E70820046B2EE /* post_processing.vs in Resources */,
				D2C8481627DCBE25008D8B22 /* depth.fs in Resources */,
				D2B8EBCA27BA50F800535BF8 /* zanting.png in Resources */,
				D2B8EBD027BA50F800535BF8 /* shengyin_g.png in Resources */,
				D2C3022F27A550EA00D3A00C /* default.ttf in Resources */,
				D2555AD727B159750000CE9F /* breakout.wav in Resources */,
				D2C847FA27D8695B008D8B22 /* textureMask.png in Resources */,
				D2555ADA27B159750000CE9F /* breakout.mp3 in Resources */,
				D29DF9DD272E70820046B2EE /* particle.vs in Resources */,
				D2842AD82810003E00DEB423 /* b2points.vs in Resources */,
				D2C8479827D5B85A008D8B22 /* cube.fs in Resources */,
				D2B8EBCE27BA50F800535BF8 /* zaitiaozhan.png in Resources */,
				D2C8477C27D4F643008D8B22 /* mesh.vs in Resources */,
				D24E177327A6D88400901431 /* powerup_sticky.png in Resources */,
				D2B8EBD127BA50F800535BF8 /* fenxiang.png in Resources */,
				D29DF9E1272E70820046B2EE /* simple.frag in Resources */,
				D2C8479927D5B85A008D8B22 /* cube.vs in Resources */,
				D24E177527A6D88400901431 /* paddle.png in Resources */,
				D29DF9A1272E6FF90046B2EE /* Assets.xcassets in Resources */,
				D24E177127A6D88400901431 /* background.jpg in Resources */,
				D29DF9DF272E70820046B2EE /* text_2d.fs in Resources */,
				D29DF9DC272E70820046B2EE /* sprite.vs in Resources */,
				D2555AD427B159740000CE9F /* powerup.wav in Resources */,
				D29DF9D9272E70820046B2EE /* text_2d.vs in Resources */,
				D2C8484027EB122B008D8B22 /* lighting.vs in Resources */,
				D2B8EBCD27BA50F800535BF8 /* shezhi.png in Resources */,
				D2C8481A27DCCA1E008D8B22 /* metal.png in Resources */,
				D24E177D27A6D88400901431 /* powerup_chaos.png in Resources */,
				D2C8480127D8DE0D008D8B22 /* arrow.png in Resources */,
				D29DF9DA272E70820046B2EE /* sprite.fs in Resources */,
				D29DF9D4272E70820046B2EE /* block_solid.png in Resources */,
				D24E178D27A6E1D800901431 /* four.lvl in Resources */,
				D2B8EBD927BA5F9300535BF8 /* color.vs in Resources */,
				D2C8484127EB122B008D8B22 /* lighting.fs in Resources */,
				D24E177627A6D88400901431 /* particle.png in Resources */,
				D2C8483727E9BB5E008D8B22 /* mulight.fs in Resources */,
				D2842ADC2810003E00DEB423 /* b2lines.fs in Resources */,
				D2B8EBCF27BA50F800535BF8 /* zhuye.png in Resources */,
				D29DF9D6272E70820046B2EE /* awesomeface.png in Resources */,
				D24E177C27A6D88400901431 /* powerup_passthrough.png in Resources */,
				D29DF9D5272E70820046B2EE /* block.png in Resources */,
				D2B8EBD227BA50F800535BF8 /* kaishi.png in Resources */,
				D24E177227A6D88400901431 /* powerup_speed.png in Resources */,
				D24E176F27A6D88400901431 /* powerup_increase.png in Resources */,
				D2842AD92810003E00DEB423 /* b2lines.vs in Resources */,
				D2C8481527DCBE25008D8B22 /* depth.vs in Resources */,
				D29DF9DB272E70820046B2EE /* particle.fs in Resources */,
				D2C8477D27D4F643008D8B22 /* mesh.fs in Resources */,
				D2B8EBD827BA5F9300535BF8 /* color.fs in Resources */,
				D24E178E27A6E1D800901431 /* two.lvl in Resources */,
				D24E177E27A6D88400901431 /* powerup_confuse.png in Resources */,
				D2555AD927B159750000CE9F /* bleep2.wav in Resources */,
				D29DF9D8272E70820046B2EE /* post_processing.fs in Resources */,
				D2B8EBD427BA50F800535BF8 /* dianzan.png in Resources */,
				D24E178C27A6E1D800901431 /* three.lvl in Resources */,
				D2555AD527B159740000CE9F /* bleep.mp3 in Resources */,
			);
			runOnlyForDeploymentPostprocessing = 0;
		};
/* End PBXResourcesBuildPhase section */

/* Begin PBXSourcesBuildPhase section */
		D29DF989272E6FF80046B2EE /* Sources */ = {
			isa = PBXSourcesBuildPhase;
			buildActionMask = 2147483647;
			files = (
				D2B8EBA527BA4B0A00535BF8 /* color_renderer.cpp in Sources */,
				D29DF9A4272E6FF90046B2EE /* main.m in Sources */,
				D2555AC927B154330000CE9F /* SimpleAudioEngine.mm in Sources */,
				D2C847F727D841A2008D8B22 /* model_cache.cpp in Sources */,
				D2555AC627B154330000CE9F /* CDAudioManager.m in Sources */,
				D2B8EBB127BA4B2F00535BF8 /* game_over.cpp in Sources */,
				D2C8479F27D64084008D8B22 /* objloader.cpp in Sources */,
				D2842ACB280FFFC800DEB423 /* animation2d.cpp in Sources */,
				D2B8EBA427BA4B0A00535BF8 /* director.cpp in Sources */,
				D2CC2A8527D0706F00826657 /* global.cpp in Sources */,
				D24E174827A6D83B00901431 /* particle_generator.cpp in Sources */,
				D29DF9E7272E70820046B2EE /* game_wrapper.mm in Sources */,
				D2B8EB9E27BA4ADC00535BF8 /* button.cpp in Sources */,
				D2C3022627A546C800D3A00C /* text_renderer.cpp in Sources */,
				D24E174B27A6D83B00901431 /* object.cpp in Sources */,
				D24E174C27A6D83B00901431 /* mesh_renderer.cpp in Sources */,
				D29DF9D7272E70820046B2EE /* sprite_renderer.cpp in Sources */,
				D24E174A27A6D83B00901431 /* mesh_object.cpp in Sources */,
				D2C847F327D79414008D8B22 /* model.cpp in Sources */,
				D24E174D27A6D83B00901431 /* post_processor.cpp in Sources */,
				D29DF9E4272E70820046B2EE /* glfm_platform_ios.m in Sources */,
				D2B8EBB327BA4B2F00535BF8 /* scene.cpp in Sources */,
				D2B8EBBD27BA4B4500535BF8 /* touch_handler.cpp in Sources */,
				D24E174927A6D83B00901431 /* ball_object.cpp in Sources */,
				D29DF9E2272E70820046B2EE /* glfm_platform_emscripten.c in Sources */,
				D24E175727A6D83B00901431 /* game_object.cpp in Sources */,
				D204B27827D21865001E07A1 /* utils.cpp in Sources */,
				D29DF9D2272E70820046B2EE /* texture.cpp in Sources */,
				D2B8EBBC27BA4B4500535BF8 /* touch_dispatcher.cpp in Sources */,
				D2B8EBB427BA4B2F00535BF8 /* game_pause.cpp in Sources */,
				D2842ACF280FFFD700DEB423 /* mesh.cpp in Sources */,
				D29DF9E0272E70820046B2EE /* game.cpp in Sources */,
				D29DF9E6272E70820046B2EE /* stb_image.cpp in Sources */,
				D2C847EA27D73910008D8B22 /* animation.cpp in Sources */,
				D24E174F27A6D83B00901431 /* game_level.cpp in Sources */,
				D2555AC827B154330000CE9F /* SimpleAudioEngine_objc.m in Sources */,
				D2C8480C27D9C111008D8B22 /* model_object.cpp in Sources */,
				D29DF9D3272E70820046B2EE /* resource_manager.cpp in Sources */,
				D2842AE1281003FF00DEB423 /* tile.cpp in Sources */,
				D29DF9E3272E70820046B2EE /* glfm_platform_android.c in Sources */,
				D2B8EBB527BA4B2F00535BF8 /* game_start.cpp in Sources */,
				D24E174E27A6D83B00901431 /* sprite_object.cpp in Sources */,
				D2555AC527B154330000CE9F /* CDOpenALSupport.m in Sources */,
				D2CC2A8127CFA83000826657 /* touch_area.cpp in Sources */,
				D2555AC727B154330000CE9F /* CocosDenshion.m in Sources */,
			);
			runOnlyForDeploymentPostprocessing = 0;
		};
/* End PBXSourcesBuildPhase section */

/* Begin XCBuildConfiguration section */
		D29DF9A5272E6FF90046B2EE /* Debug */ = {
			isa = XCBuildConfiguration;
			buildSettings = {
				ALWAYS_SEARCH_USER_PATHS = NO;
				CLANG_ANALYZER_NONNULL = YES;
				CLANG_ANALYZER_NUMBER_OBJECT_CONVERSION = YES_AGGRESSIVE;
				CLANG_CXX_LANGUAGE_STANDARD = "gnu++14";
				CLANG_CXX_LIBRARY = "libc++";
				CLANG_ENABLE_MODULES = YES;
				CLANG_ENABLE_OBJC_ARC = YES;
				CLANG_ENABLE_OBJC_WEAK = YES;
				CLANG_WARN_BLOCK_CAPTURE_AUTORELEASING = YES;
				CLANG_WARN_BOOL_CONVERSION = YES;
				CLANG_WARN_COMMA = YES;
				CLANG_WARN_CONSTANT_CONVERSION = YES;
				CLANG_WARN_DEPRECATED_OBJC_IMPLEMENTATIONS = YES;
				CLANG_WARN_DIRECT_OBJC_ISA_USAGE = YES_ERROR;
				CLANG_WARN_DOCUMENTATION_COMMENTS = YES;
				CLANG_WARN_EMPTY_BODY = YES;
				CLANG_WARN_ENUM_CONVERSION = YES;
				CLANG_WARN_INFINITE_RECURSION = YES;
				CLANG_WARN_INT_CONVERSION = YES;
				CLANG_WARN_NON_LITERAL_NULL_CONVERSION = YES;
				CLANG_WARN_OBJC_IMPLICIT_RETAIN_SELF = YES;
				CLANG_WARN_OBJC_LITERAL_CONVERSION = YES;
				CLANG_WARN_OBJC_ROOT_CLASS = YES_ERROR;
				CLANG_WARN_QUOTED_INCLUDE_IN_FRAMEWORK_HEADER = YES;
				CLANG_WARN_RANGE_LOOP_ANALYSIS = YES;
				CLANG_WARN_STRICT_PROTOTYPES = YES;
				CLANG_WARN_SUSPICIOUS_MOVE = YES;
				CLANG_WARN_UNGUARDED_AVAILABILITY = YES_AGGRESSIVE;
				CLANG_WARN_UNREACHABLE_CODE = YES;
				CLANG_WARN__DUPLICATE_METHOD_MATCH = YES;
				COPY_PHASE_STRIP = NO;
				DEBUG_INFORMATION_FORMAT = dwarf;
				ENABLE_STRICT_OBJC_MSGSEND = YES;
				ENABLE_TESTABILITY = YES;
				GCC_C_LANGUAGE_STANDARD = gnu11;
				GCC_DYNAMIC_NO_PIC = NO;
				GCC_NO_COMMON_BLOCKS = YES;
				GCC_OPTIMIZATION_LEVEL = 0;
				GCC_PREPROCESSOR_DEFINITIONS = (
					"DEBUG=1",
					"$(inherited)",
				);
				GCC_WARN_64_TO_32_BIT_CONVERSION = YES;
				GCC_WARN_ABOUT_RETURN_TYPE = YES_ERROR;
				GCC_WARN_UNDECLARED_SELECTOR = YES;
				GCC_WARN_UNINITIALIZED_AUTOS = YES_AGGRESSIVE;
				GCC_WARN_UNUSED_FUNCTION = YES;
				GCC_WARN_UNUSED_VARIABLE = YES;
				IPHONEOS_DEPLOYMENT_TARGET = 14.4;
				MTL_ENABLE_DEBUG_INFO = INCLUDE_SOURCE;
				MTL_FAST_MATH = YES;
				ONLY_ACTIVE_ARCH = YES;
				SDKROOT = iphoneos;
			};
			name = Debug;
		};
		D29DF9A6272E6FF90046B2EE /* Release */ = {
			isa = XCBuildConfiguration;
			buildSettings = {
				ALWAYS_SEARCH_USER_PATHS = NO;
				CLANG_ANALYZER_NONNULL = YES;
				CLANG_ANALYZER_NUMBER_OBJECT_CONVERSION = YES_AGGRESSIVE;
				CLANG_CXX_LANGUAGE_STANDARD = "gnu++14";
				CLANG_CXX_LIBRARY = "libc++";
				CLANG_ENABLE_MODULES = YES;
				CLANG_ENABLE_OBJC_ARC = YES;
				CLANG_ENABLE_OBJC_WEAK = YES;
				CLANG_WARN_BLOCK_CAPTURE_AUTORELEASING = YES;
				CLANG_WARN_BOOL_CONVERSION = YES;
				CLANG_WARN_COMMA = YES;
				CLANG_WARN_CONSTANT_CONVERSION = YES;
				CLANG_WARN_DEPRECATED_OBJC_IMPLEMENTATIONS = YES;
				CLANG_WARN_DIRECT_OBJC_ISA_USAGE = YES_ERROR;
				CLANG_WARN_DOCUMENTATION_COMMENTS = YES;
				CLANG_WARN_EMPTY_BODY = YES;
				CLANG_WARN_ENUM_CONVERSION = YES;
				CLANG_WARN_INFINITE_RECURSION = YES;
				CLANG_WARN_INT_CONVERSION = YES;
				CLANG_WARN_NON_LITERAL_NULL_CONVERSION = YES;
				CLANG_WARN_OBJC_IMPLICIT_RETAIN_SELF = YES;
				CLANG_WARN_OBJC_LITERAL_CONVERSION = YES;
				CLANG_WARN_OBJC_ROOT_CLASS = YES_ERROR;
				CLANG_WARN_QUOTED_INCLUDE_IN_FRAMEWORK_HEADER = YES;
				CLANG_WARN_RANGE_LOOP_ANALYSIS = YES;
				CLANG_WARN_STRICT_PROTOTYPES = YES;
				CLANG_WARN_SUSPICIOUS_MOVE = YES;
				CLANG_WARN_UNGUARDED_AVAILABILITY = YES_AGGRESSIVE;
				CLANG_WARN_UNREACHABLE_CODE = YES;
				CLANG_WARN__DUPLICATE_METHOD_MATCH = YES;
				COPY_PHASE_STRIP = NO;
				DEBUG_INFORMATION_FORMAT = "dwarf-with-dsym";
				ENABLE_NS_ASSERTIONS = NO;
				ENABLE_STRICT_OBJC_MSGSEND = YES;
				GCC_C_LANGUAGE_STANDARD = gnu11;
				GCC_NO_COMMON_BLOCKS = YES;
				GCC_WARN_64_TO_32_BIT_CONVERSION = YES;
				GCC_WARN_ABOUT_RETURN_TYPE = YES_ERROR;
				GCC_WARN_UNDECLARED_SELECTOR = YES;
				GCC_WARN_UNINITIALIZED_AUTOS = YES_AGGRESSIVE;
				GCC_WARN_UNUSED_FUNCTION = YES;
				GCC_WARN_UNUSED_VARIABLE = YES;
				IPHONEOS_DEPLOYMENT_TARGET = 14.4;
				MTL_ENABLE_DEBUG_INFO = NO;
				MTL_FAST_MATH = YES;
				SDKROOT = iphoneos;
				VALIDATE_PRODUCT = YES;
			};
			name = Release;
		};
		D29DF9A8272E6FF90046B2EE /* Debug */ = {
			isa = XCBuildConfiguration;
			buildSettings = {
				ASSETCATALOG_COMPILER_APPICON_NAME = AppIcon;
				ASSETCATALOG_COMPILER_GLOBAL_ACCENT_COLOR_NAME = AccentColor;
				CLANG_ENABLE_OBJC_ARC = NO;
				CODE_SIGN_IDENTITY = "Apple Development";
				CODE_SIGN_STYLE = Manual;
				COMPRESS_PNG_FILES = YES;
				DEVELOPMENT_TEAM = "";
				ENABLE_BITCODE = NO;
				HEADER_SEARCH_PATHS = (
					/usr/local/Cellar/glm/0.9.9.8/include,
					"$(PROJECT_DIR)/BreakoutEx/external/include/freetype2",
				);
				INFOPLIST_FILE = BreakoutEx/Info.plist;
				LD_RUNPATH_SEARCH_PATHS = (
					"$(inherited)",
					"@executable_path/Frameworks",
				);
				LIBRARY_SEARCH_PATHS = (
					"$(inherited)",
					"$(PROJECT_DIR)/BreakoutEx/external/prebuild",
					"$(PROJECT_DIR)/BreakoutEx/external/prebuild/freetype2",
				);
				PRODUCT_BUNDLE_IDENTIFIER = com.ccb.BreakoutEx;
				PRODUCT_NAME = "$(TARGET_NAME)";
				PROVISIONING_PROFILE_SPECIFIER = "";
				TARGETED_DEVICE_FAMILY = "1,2";
			};
			name = Debug;
		};
		D29DF9A9272E6FF90046B2EE /* Release */ = {
			isa = XCBuildConfiguration;
			buildSettings = {
				ASSETCATALOG_COMPILER_APPICON_NAME = AppIcon;
				ASSETCATALOG_COMPILER_GLOBAL_ACCENT_COLOR_NAME = AccentColor;
				CLANG_ENABLE_OBJC_ARC = NO;
				CODE_SIGN_IDENTITY = "Apple Development";
				CODE_SIGN_STYLE = Manual;
				COMPRESS_PNG_FILES = YES;
				DEVELOPMENT_TEAM = "";
				ENABLE_BITCODE = NO;
				HEADER_SEARCH_PATHS = (
					/usr/local/Cellar/glm/0.9.9.8/include,
					"$(PROJECT_DIR)/BreakoutEx/external/include/freetype2",
				);
				INFOPLIST_FILE = BreakoutEx/Info.plist;
				LD_RUNPATH_SEARCH_PATHS = (
					"$(inherited)",
					"@executable_path/Frameworks",
				);
				LIBRARY_SEARCH_PATHS = (
					"$(inherited)",
					"$(PROJECT_DIR)/BreakoutEx/external/prebuild",
					"$(PROJECT_DIR)/BreakoutEx/external/prebuild/freetype2",
				);
				PRODUCT_BUNDLE_IDENTIFIER = com.ccb.BreakoutEx;
				PRODUCT_NAME = "$(TARGET_NAME)";
				PROVISIONING_PROFILE_SPECIFIER = "";
				TARGETED_DEVICE_FAMILY = "1,2";
			};
			name = Release;
		};
/* End XCBuildConfiguration section */

/* Begin XCConfigurationList section */
		D29DF988272E6FF80046B2EE /* Build configuration list for PBXProject "BreakoutEx" */ = {
			isa = XCConfigurationList;
			buildConfigurations = (
				D29DF9A5272E6FF90046B2EE /* Debug */,
				D29DF9A6272E6FF90046B2EE /* Release */,
			);
			defaultConfigurationIsVisible = 0;
			defaultConfigurationName = Release;
		};
		D29DF9A7272E6FF90046B2EE /* Build configuration list for PBXNativeTarget "BreakoutEx" */ = {
			isa = XCConfigurationList;
			buildConfigurations = (
				D29DF9A8272E6FF90046B2EE /* Debug */,
				D29DF9A9272E6FF90046B2EE /* Release */,
			);
			defaultConfigurationIsVisible = 0;
			defaultConfigurationName = Release;
		};
/* End XCConfigurationList section */
	};
	rootObject = D29DF985272E6FF80046B2EE /* Project object */;
}
