// !$*UTF8*$!
{
	archiveVersion = 1;
	classes = {
	};
	objectVersion = 50;
	objects = {

/* Begin PBXBuildFile section */
		D24E174827A6D83B00901431 /* particle_generator.cpp in Sources */ = {isa = PBXBuildFile; fileRef = D24E172E27A6D83B00901431 /* particle_generator.cpp */; };
		D24E174927A6D83B00901431 /* ball_object.cpp in Sources */ = {isa = PBXBuildFile; fileRef = D24E173127A6D83B00901431 /* ball_object.cpp */; };
		D24E174A27A6D83B00901431 /* mesh_object.cpp in Sources */ = {isa = PBXBuildFile; fileRef = D24E173327A6D83B00901431 /* mesh_object.cpp */; };
		D24E174B27A6D83B00901431 /* object.cpp in Sources */ = {isa = PBXBuildFile; fileRef = D24E173427A6D83B00901431 /* object.cpp */; };
		D24E174C27A6D83B00901431 /* mesh_renderer.cpp in Sources */ = {isa = PBXBuildFile; fileRef = D24E173527A6D83B00901431 /* mesh_renderer.cpp */; };
		D24E174D27A6D83B00901431 /* post_processor.cpp in Sources */ = {isa = PBXBuildFile; fileRef = D24E173A27A6D83B00901431 /* post_processor.cpp */; };
		D24E174E27A6D83B00901431 /* sprite_object.cpp in Sources */ = {isa = PBXBuildFile; fileRef = D24E173C27A6D83B00901431 /* sprite_object.cpp */; };
		D24E174F27A6D83B00901431 /* game_level.cpp in Sources */ = {isa = PBXBuildFile; fileRef = D24E173D27A6D83B00901431 /* game_level.cpp */; };
		D24E175727A6D83B00901431 /* game_object.cpp in Sources */ = {isa = PBXBuildFile; fileRef = D24E174727A6D83B00901431 /* game_object.cpp */; };
		D24E176F27A6D88400901431 /* powerup_increase.png in Resources */ = {isa = PBXBuildFile; fileRef = D24E175B27A6D88400901431 /* powerup_increase.png */; };
		D24E177127A6D88400901431 /* background.jpg in Resources */ = {isa = PBXBuildFile; fileRef = D24E175D27A6D88400901431 /* background.jpg */; };
		D24E177227A6D88400901431 /* powerup_speed.png in Resources */ = {isa = PBXBuildFile; fileRef = D24E175E27A6D88400901431 /* powerup_speed.png */; };
		D24E177327A6D88400901431 /* powerup_sticky.png in Resources */ = {isa = PBXBuildFile; fileRef = D24E175F27A6D88400901431 /* powerup_sticky.png */; };
		D24E177527A6D88400901431 /* paddle.png in Resources */ = {isa = PBXBuildFile; fileRef = D24E176127A6D88400901431 /* paddle.png */; };
		D24E177627A6D88400901431 /* particle.png in Resources */ = {isa = PBXBuildFile; fileRef = D24E176227A6D88400901431 /* particle.png */; };
		D24E177C27A6D88400901431 /* powerup_passthrough.png in Resources */ = {isa = PBXBuildFile; fileRef = D24E176827A6D88400901431 /* powerup_passthrough.png */; };
		D24E177D27A6D88400901431 /* powerup_chaos.png in Resources */ = {isa = PBXBuildFile; fileRef = D24E176927A6D88400901431 /* powerup_chaos.png */; };
		D24E177E27A6D88400901431 /* powerup_confuse.png in Resources */ = {isa = PBXBuildFile; fileRef = D24E176A27A6D88400901431 /* powerup_confuse.png */; };
		D24E178B27A6E1D800901431 /* one.lvl in Resources */ = {isa = PBXBuildFile; fileRef = D24E178727A6E1D800901431 /* one.lvl */; };
		D24E178C27A6E1D800901431 /* three.lvl in Resources */ = {isa = PBXBuildFile; fileRef = D24E178827A6E1D800901431 /* three.lvl */; };
		D24E178D27A6E1D800901431 /* four.lvl in Resources */ = {isa = PBXBuildFile; fileRef = D24E178927A6E1D800901431 /* four.lvl */; };
		D24E178E27A6E1D800901431 /* two.lvl in Resources */ = {isa = PBXBuildFile; fileRef = D24E178A27A6E1D800901431 /* two.lvl */; };
		D2555AC527B154330000CE9F /* CDOpenALSupport.m in Sources */ = {isa = PBXBuildFile; fileRef = D2555ABC27B154330000CE9F /* CDOpenALSupport.m */; };
		D2555AC627B154330000CE9F /* CDAudioManager.m in Sources */ = {isa = PBXBuildFile; fileRef = D2555ABD27B154330000CE9F /* CDAudioManager.m */; };
		D2555AC727B154330000CE9F /* CocosDenshion.m in Sources */ = {isa = PBXBuildFile; fileRef = D2555ABF27B154330000CE9F /* CocosDenshion.m */; };
		D2555AC827B154330000CE9F /* SimpleAudioEngine_objc.m in Sources */ = {isa = PBXBuildFile; fileRef = D2555AC327B154330000CE9F /* SimpleAudioEngine_objc.m */; };
		D2555AC927B154330000CE9F /* SimpleAudioEngine.mm in Sources */ = {isa = PBXBuildFile; fileRef = D2555AC427B154330000CE9F /* SimpleAudioEngine.mm */; };
		D2555AD427B159740000CE9F /* powerup.wav in Resources */ = {isa = PBXBuildFile; fileRef = D2555ACD27B159740000CE9F /* powerup.wav */; };
		D2555AD527B159740000CE9F /* bleep.mp3 in Resources */ = {isa = PBXBuildFile; fileRef = D2555ACE27B159740000CE9F /* bleep.mp3 */; };
		D2555AD627B159740000CE9F /* solid.wav in Resources */ = {isa = PBXBuildFile; fileRef = D2555ACF27B159740000CE9F /* solid.wav */; };
		D2555AD727B159750000CE9F /* breakout.wav in Resources */ = {isa = PBXBuildFile; fileRef = D2555AD027B159740000CE9F /* breakout.wav */; };
		D2555AD827B159750000CE9F /* bleep.wav in Resources */ = {isa = PBXBuildFile; fileRef = D2555AD127B159740000CE9F /* bleep.wav */; };
		D2555AD927B159750000CE9F /* bleep2.wav in Resources */ = {isa = PBXBuildFile; fileRef = D2555AD227B159740000CE9F /* bleep2.wav */; };
		D2555ADA27B159750000CE9F /* breakout.mp3 in Resources */ = {isa = PBXBuildFile; fileRef = D2555AD327B159740000CE9F /* breakout.mp3 */; };
		D29DF9A1272E6FF90046B2EE /* Assets.xcassets in Resources */ = {isa = PBXBuildFile; fileRef = D29DF9A0272E6FF90046B2EE /* Assets.xcassets */; };
		D29DF9A4272E6FF90046B2EE /* main.m in Sources */ = {isa = PBXBuildFile; fileRef = D29DF9A3272E6FF90046B2EE /* main.m */; };
		D29DF9D2272E70820046B2EE /* texture.cpp in Sources */ = {isa = PBXBuildFile; fileRef = D29DF9AC272E70820046B2EE /* texture.cpp */; };
		D29DF9D3272E70820046B2EE /* resource_manager.cpp in Sources */ = {isa = PBXBuildFile; fileRef = D29DF9B2272E70820046B2EE /* resource_manager.cpp */; };
		D29DF9D4272E70820046B2EE /* block_solid.png in Resources */ = {isa = PBXBuildFile; fileRef = D29DF9B5272E70820046B2EE /* block_solid.png */; };
		D29DF9D5272E70820046B2EE /* block.png in Resources */ = {isa = PBXBuildFile; fileRef = D29DF9B6272E70820046B2EE /* block.png */; };
		D29DF9D6272E70820046B2EE /* awesomeface.png in Resources */ = {isa = PBXBuildFile; fileRef = D29DF9B7272E70820046B2EE /* awesomeface.png */; };
		D29DF9D7272E70820046B2EE /* sprite_renderer.cpp in Sources */ = {isa = PBXBuildFile; fileRef = D29DF9B8272E70820046B2EE /* sprite_renderer.cpp */; };
		D29DF9D8272E70820046B2EE /* post_processing.fs in Resources */ = {isa = PBXBuildFile; fileRef = D29DF9BA272E70820046B2EE /* post_processing.fs */; };
		D29DF9D9272E70820046B2EE /* text_2d.vs in Resources */ = {isa = PBXBuildFile; fileRef = D29DF9BB272E70820046B2EE /* text_2d.vs */; };
		D29DF9DA272E70820046B2EE /* sprite.fs in Resources */ = {isa = PBXBuildFile; fileRef = D29DF9BC272E70820046B2EE /* sprite.fs */; };
		D29DF9DB272E70820046B2EE /* particle.fs in Resources */ = {isa = PBXBuildFile; fileRef = D29DF9BD272E70820046B2EE /* particle.fs */; };
		D29DF9DC272E70820046B2EE /* sprite.vs in Resources */ = {isa = PBXBuildFile; fileRef = D29DF9BE272E70820046B2EE /* sprite.vs */; };
		D29DF9DD272E70820046B2EE /* particle.vs in Resources */ = {isa = PBXBuildFile; fileRef = D29DF9BF272E70820046B2EE /* particle.vs */; };
		D29DF9DE272E70820046B2EE /* post_processing.vs in Resources */ = {isa = PBXBuildFile; fileRef = D29DF9C0272E70820046B2EE /* post_processing.vs */; };
		D29DF9DF272E70820046B2EE /* text_2d.fs in Resources */ = {isa = PBXBuildFile; fileRef = D29DF9C1272E70820046B2EE /* text_2d.fs */; };
		D29DF9E0272E70820046B2EE /* game.cpp in Sources */ = {isa = PBXBuildFile; fileRef = D29DF9C2272E70820046B2EE /* game.cpp */; };
		D29DF9E1272E70820046B2EE /* simple.frag in Resources */ = {isa = PBXBuildFile; fileRef = D29DF9C3272E70820046B2EE /* simple.frag */; };
		D29DF9E2272E70820046B2EE /* glfm_platform_emscripten.c in Sources */ = {isa = PBXBuildFile; fileRef = D29DF9C9272E70820046B2EE /* glfm_platform_emscripten.c */; };
		D29DF9E3272E70820046B2EE /* glfm_platform_android.c in Sources */ = {isa = PBXBuildFile; fileRef = D29DF9CA272E70820046B2EE /* glfm_platform_android.c */; };
		D29DF9E4272E70820046B2EE /* glfm_platform_ios.m in Sources */ = {isa = PBXBuildFile; fileRef = D29DF9CC272E70820046B2EE /* glfm_platform_ios.m */; };
		D29DF9E5272E70820046B2EE /* simple.vert in Resources */ = {isa = PBXBuildFile; fileRef = D29DF9CD272E70820046B2EE /* simple.vert */; };
		D29DF9E6272E70820046B2EE /* stb_image.cpp in Sources */ = {isa = PBXBuildFile; fileRef = D29DF9CE272E70820046B2EE /* stb_image.cpp */; };
		D29DF9E7272E70820046B2EE /* game_wrapper.mm in Sources */ = {isa = PBXBuildFile; fileRef = D29DF9D0272E70820046B2EE /* game_wrapper.mm */; };
		D2C3021D27A5445900D3A00C /* libfreetype.a in Frameworks */ = {isa = PBXBuildFile; fileRef = D2C301DC27A5418E00D3A00C /* libfreetype.a */; };
		D2C3022627A546C800D3A00C /* text_renderer.cpp in Sources */ = {isa = PBXBuildFile; fileRef = D2C3022427A546C800D3A00C /* text_renderer.cpp */; };
		D2C3022F27A550EA00D3A00C /* default.ttf in Resources */ = {isa = PBXBuildFile; fileRef = D2C3022D27A550EA00D3A00C /* default.ttf */; };
/* End PBXBuildFile section */

/* Begin PBXFileReference section */
		D24E172C27A6D83B00901431 /* mesh_renderer.hpp */ = {isa = PBXFileReference; fileEncoding = 4; lastKnownFileType = sourcecode.cpp.h; path = mesh_renderer.hpp; sourceTree = "<group>"; };
		D24E172D27A6D83B00901431 /* sprite_object.hpp */ = {isa = PBXFileReference; fileEncoding = 4; lastKnownFileType = sourcecode.cpp.h; path = sprite_object.hpp; sourceTree = "<group>"; };
		D24E172E27A6D83B00901431 /* particle_generator.cpp */ = {isa = PBXFileReference; fileEncoding = 4; lastKnownFileType = sourcecode.cpp.cpp; path = particle_generator.cpp; sourceTree = "<group>"; };
		D24E172F27A6D83B00901431 /* game_object.hpp */ = {isa = PBXFileReference; fileEncoding = 4; lastKnownFileType = sourcecode.cpp.h; path = game_object.hpp; sourceTree = "<group>"; };
		D24E173027A6D83B00901431 /* object.hpp */ = {isa = PBXFileReference; fileEncoding = 4; lastKnownFileType = sourcecode.cpp.h; path = object.hpp; sourceTree = "<group>"; };
		D24E173127A6D83B00901431 /* ball_object.cpp */ = {isa = PBXFileReference; fileEncoding = 4; lastKnownFileType = sourcecode.cpp.cpp; path = ball_object.cpp; sourceTree = "<group>"; };
		D24E173227A6D83B00901431 /* game_level.hpp */ = {isa = PBXFileReference; fileEncoding = 4; lastKnownFileType = sourcecode.cpp.h; path = game_level.hpp; sourceTree = "<group>"; };
		D24E173327A6D83B00901431 /* mesh_object.cpp */ = {isa = PBXFileReference; fileEncoding = 4; lastKnownFileType = sourcecode.cpp.cpp; path = mesh_object.cpp; sourceTree = "<group>"; };
		D24E173427A6D83B00901431 /* object.cpp */ = {isa = PBXFileReference; fileEncoding = 4; lastKnownFileType = sourcecode.cpp.cpp; path = object.cpp; sourceTree = "<group>"; };
		D24E173527A6D83B00901431 /* mesh_renderer.cpp */ = {isa = PBXFileReference; fileEncoding = 4; lastKnownFileType = sourcecode.cpp.cpp; path = mesh_renderer.cpp; sourceTree = "<group>"; };
		D24E173627A6D83B00901431 /* particle_generator.hpp */ = {isa = PBXFileReference; fileEncoding = 4; lastKnownFileType = sourcecode.cpp.h; path = particle_generator.hpp; sourceTree = "<group>"; };
		D24E173727A6D83B00901431 /* post_processor.hpp */ = {isa = PBXFileReference; fileEncoding = 4; lastKnownFileType = sourcecode.cpp.h; path = post_processor.hpp; sourceTree = "<group>"; };
		D24E173827A6D83B00901431 /* mesh_object.hpp */ = {isa = PBXFileReference; fileEncoding = 4; lastKnownFileType = sourcecode.cpp.h; path = mesh_object.hpp; sourceTree = "<group>"; };
		D24E173927A6D83B00901431 /* ball_object.hpp */ = {isa = PBXFileReference; fileEncoding = 4; lastKnownFileType = sourcecode.cpp.h; path = ball_object.hpp; sourceTree = "<group>"; };
		D24E173A27A6D83B00901431 /* post_processor.cpp */ = {isa = PBXFileReference; fileEncoding = 4; lastKnownFileType = sourcecode.cpp.cpp; path = post_processor.cpp; sourceTree = "<group>"; };
		D24E173B27A6D83B00901431 /* power_up.h */ = {isa = PBXFileReference; fileEncoding = 4; lastKnownFileType = sourcecode.c.h; path = power_up.h; sourceTree = "<group>"; };
		D24E173C27A6D83B00901431 /* sprite_object.cpp */ = {isa = PBXFileReference; fileEncoding = 4; lastKnownFileType = sourcecode.cpp.cpp; path = sprite_object.cpp; sourceTree = "<group>"; };
		D24E173D27A6D83B00901431 /* game_level.cpp */ = {isa = PBXFileReference; fileEncoding = 4; lastKnownFileType = sourcecode.cpp.cpp; path = game_level.cpp; sourceTree = "<group>"; };
		D24E174627A6D83B00901431 /* glad.h */ = {isa = PBXFileReference; fileEncoding = 4; lastKnownFileType = sourcecode.c.h; path = glad.h; sourceTree = "<group>"; };
		D24E174727A6D83B00901431 /* game_object.cpp */ = {isa = PBXFileReference; fileEncoding = 4; lastKnownFileType = sourcecode.cpp.cpp; path = game_object.cpp; sourceTree = "<group>"; };
		D24E175B27A6D88400901431 /* powerup_increase.png */ = {isa = PBXFileReference; lastKnownFileType = image.png; path = powerup_increase.png; sourceTree = "<group>"; };
		D24E175D27A6D88400901431 /* background.jpg */ = {isa = PBXFileReference; lastKnownFileType = image.jpeg; path = background.jpg; sourceTree = "<group>"; };
		D24E175E27A6D88400901431 /* powerup_speed.png */ = {isa = PBXFileReference; lastKnownFileType = image.png; path = powerup_speed.png; sourceTree = "<group>"; };
		D24E175F27A6D88400901431 /* powerup_sticky.png */ = {isa = PBXFileReference; lastKnownFileType = image.png; path = powerup_sticky.png; sourceTree = "<group>"; };
		D24E176127A6D88400901431 /* paddle.png */ = {isa = PBXFileReference; lastKnownFileType = image.png; path = paddle.png; sourceTree = "<group>"; };
		D24E176227A6D88400901431 /* particle.png */ = {isa = PBXFileReference; lastKnownFileType = image.png; path = particle.png; sourceTree = "<group>"; };
		D24E176827A6D88400901431 /* powerup_passthrough.png */ = {isa = PBXFileReference; lastKnownFileType = image.png; path = powerup_passthrough.png; sourceTree = "<group>"; };
		D24E176927A6D88400901431 /* powerup_chaos.png */ = {isa = PBXFileReference; lastKnownFileType = image.png; path = powerup_chaos.png; sourceTree = "<group>"; };
		D24E176A27A6D88400901431 /* powerup_confuse.png */ = {isa = PBXFileReference; lastKnownFileType = image.png; path = powerup_confuse.png; sourceTree = "<group>"; };
		D24E178727A6E1D800901431 /* one.lvl */ = {isa = PBXFileReference; fileEncoding = 4; lastKnownFileType = text; path = one.lvl; sourceTree = "<group>"; };
		D24E178827A6E1D800901431 /* three.lvl */ = {isa = PBXFileReference; fileEncoding = 4; lastKnownFileType = text; path = three.lvl; sourceTree = "<group>"; };
		D24E178927A6E1D800901431 /* four.lvl */ = {isa = PBXFileReference; fileEncoding = 4; lastKnownFileType = text; path = four.lvl; sourceTree = "<group>"; };
		D24E178A27A6E1D800901431 /* two.lvl */ = {isa = PBXFileReference; fileEncoding = 4; lastKnownFileType = text; path = two.lvl; sourceTree = "<group>"; };
		D2555AB827B154330000CE9F /* Export.h */ = {isa = PBXFileReference; fileEncoding = 4; lastKnownFileType = sourcecode.c.h; path = Export.h; sourceTree = "<group>"; };
		D2555AB927B154330000CE9F /* SimpleAudioEngine.h */ = {isa = PBXFileReference; fileEncoding = 4; lastKnownFileType = sourcecode.c.h; path = SimpleAudioEngine.h; sourceTree = "<group>"; };
		D2555ABB27B154330000CE9F /* CDConfig.h */ = {isa = PBXFileReference; fileEncoding = 4; lastKnownFileType = sourcecode.c.h; path = CDConfig.h; sourceTree = "<group>"; };
		D2555ABC27B154330000CE9F /* CDOpenALSupport.m */ = {isa = PBXFileReference; fileEncoding = 4; lastKnownFileType = sourcecode.c.objc; path = CDOpenALSupport.m; sourceTree = "<group>"; };
		D2555ABD27B154330000CE9F /* CDAudioManager.m */ = {isa = PBXFileReference; fileEncoding = 4; lastKnownFileType = sourcecode.c.objc; path = CDAudioManager.m; sourceTree = "<group>"; };
		D2555ABE27B154330000CE9F /* SimpleAudioEngine_objc.h */ = {isa = PBXFileReference; fileEncoding = 4; lastKnownFileType = sourcecode.c.h; path = SimpleAudioEngine_objc.h; sourceTree = "<group>"; };
		D2555ABF27B154330000CE9F /* CocosDenshion.m */ = {isa = PBXFileReference; fileEncoding = 4; lastKnownFileType = sourcecode.c.objc; path = CocosDenshion.m; sourceTree = "<group>"; };
		D2555AC027B154330000CE9F /* CDOpenALSupport.h */ = {isa = PBXFileReference; fileEncoding = 4; lastKnownFileType = sourcecode.c.h; path = CDOpenALSupport.h; sourceTree = "<group>"; };
		D2555AC127B154330000CE9F /* CDAudioManager.h */ = {isa = PBXFileReference; fileEncoding = 4; lastKnownFileType = sourcecode.c.h; path = CDAudioManager.h; sourceTree = "<group>"; };
		D2555AC227B154330000CE9F /* CocosDenshion.h */ = {isa = PBXFileReference; fileEncoding = 4; lastKnownFileType = sourcecode.c.h; path = CocosDenshion.h; sourceTree = "<group>"; };
		D2555AC327B154330000CE9F /* SimpleAudioEngine_objc.m */ = {isa = PBXFileReference; fileEncoding = 4; lastKnownFileType = sourcecode.c.objc; path = SimpleAudioEngine_objc.m; sourceTree = "<group>"; };
		D2555AC427B154330000CE9F /* SimpleAudioEngine.mm */ = {isa = PBXFileReference; fileEncoding = 4; lastKnownFileType = sourcecode.cpp.objcpp; path = SimpleAudioEngine.mm; sourceTree = "<group>"; };
		D2555ACD27B159740000CE9F /* powerup.wav */ = {isa = PBXFileReference; lastKnownFileType = audio.wav; path = powerup.wav; sourceTree = "<group>"; };
		D2555ACE27B159740000CE9F /* bleep.mp3 */ = {isa = PBXFileReference; lastKnownFileType = audio.mp3; path = bleep.mp3; sourceTree = "<group>"; };
		D2555ACF27B159740000CE9F /* solid.wav */ = {isa = PBXFileReference; lastKnownFileType = audio.wav; path = solid.wav; sourceTree = "<group>"; };
		D2555AD027B159740000CE9F /* breakout.wav */ = {isa = PBXFileReference; lastKnownFileType = audio.wav; path = breakout.wav; sourceTree = "<group>"; };
		D2555AD127B159740000CE9F /* bleep.wav */ = {isa = PBXFileReference; lastKnownFileType = audio.wav; path = bleep.wav; sourceTree = "<group>"; };
		D2555AD227B159740000CE9F /* bleep2.wav */ = {isa = PBXFileReference; lastKnownFileType = audio.wav; path = bleep2.wav; sourceTree = "<group>"; };
		D2555AD327B159740000CE9F /* breakout.mp3 */ = {isa = PBXFileReference; lastKnownFileType = audio.mp3; path = breakout.mp3; sourceTree = "<group>"; };
		D29DF98D272E6FF80046B2EE /* BreakoutEx.app */ = {isa = PBXFileReference; explicitFileType = wrapper.application; includeInIndex = 0; path = BreakoutEx.app; sourceTree = BUILT_PRODUCTS_DIR; };
		D29DF9A0272E6FF90046B2EE /* Assets.xcassets */ = {isa = PBXFileReference; lastKnownFileType = folder.assetcatalog; path = Assets.xcassets; sourceTree = "<group>"; };
		D29DF9A2272E6FF90046B2EE /* Info.plist */ = {isa = PBXFileReference; lastKnownFileType = text.plist.xml; path = Info.plist; sourceTree = "<group>"; };
		D29DF9A3272E6FF90046B2EE /* main.m */ = {isa = PBXFileReference; lastKnownFileType = sourcecode.c.objc; path = main.m; sourceTree = "<group>"; };
		D29DF9AC272E70820046B2EE /* texture.cpp */ = {isa = PBXFileReference; fileEncoding = 4; lastKnownFileType = sourcecode.cpp.cpp; path = texture.cpp; sourceTree = "<group>"; };
		D29DF9AD272E70820046B2EE /* resource_manager.hpp */ = {isa = PBXFileReference; fileEncoding = 4; lastKnownFileType = sourcecode.cpp.h; path = resource_manager.hpp; sourceTree = "<group>"; };
		D29DF9AE272E70820046B2EE /* stb_image.h */ = {isa = PBXFileReference; fileEncoding = 4; lastKnownFileType = sourcecode.c.h; path = stb_image.h; sourceTree = "<group>"; };
		D29DF9AF272E70820046B2EE /* sprite_renderer.hpp */ = {isa = PBXFileReference; fileEncoding = 4; lastKnownFileType = sourcecode.cpp.h; path = sprite_renderer.hpp; sourceTree = "<group>"; };
		D29DF9B1272E70820046B2EE /* file_compat.h */ = {isa = PBXFileReference; fileEncoding = 4; lastKnownFileType = sourcecode.c.h; path = file_compat.h; sourceTree = "<group>"; };
		D29DF9B2272E70820046B2EE /* resource_manager.cpp */ = {isa = PBXFileReference; fileEncoding = 4; lastKnownFileType = sourcecode.cpp.cpp; path = resource_manager.cpp; sourceTree = "<group>"; };
		D29DF9B3272E70820046B2EE /* texture.hpp */ = {isa = PBXFileReference; fileEncoding = 4; lastKnownFileType = sourcecode.cpp.h; path = texture.hpp; sourceTree = "<group>"; };
		D29DF9B5272E70820046B2EE /* block_solid.png */ = {isa = PBXFileReference; lastKnownFileType = image.png; path = block_solid.png; sourceTree = "<group>"; };
		D29DF9B6272E70820046B2EE /* block.png */ = {isa = PBXFileReference; lastKnownFileType = image.png; path = block.png; sourceTree = "<group>"; };
		D29DF9B7272E70820046B2EE /* awesomeface.png */ = {isa = PBXFileReference; lastKnownFileType = image.png; path = awesomeface.png; sourceTree = "<group>"; };
		D29DF9B8272E70820046B2EE /* sprite_renderer.cpp */ = {isa = PBXFileReference; fileEncoding = 4; lastKnownFileType = sourcecode.cpp.cpp; path = sprite_renderer.cpp; sourceTree = "<group>"; };
		D29DF9BA272E70820046B2EE /* post_processing.fs */ = {isa = PBXFileReference; fileEncoding = 4; lastKnownFileType = sourcecode.glsl; path = post_processing.fs; sourceTree = "<group>"; };
		D29DF9BB272E70820046B2EE /* text_2d.vs */ = {isa = PBXFileReference; fileEncoding = 4; lastKnownFileType = sourcecode.glsl; path = text_2d.vs; sourceTree = "<group>"; };
		D29DF9BC272E70820046B2EE /* sprite.fs */ = {isa = PBXFileReference; fileEncoding = 4; lastKnownFileType = sourcecode.glsl; path = sprite.fs; sourceTree = "<group>"; };
		D29DF9BD272E70820046B2EE /* particle.fs */ = {isa = PBXFileReference; fileEncoding = 4; lastKnownFileType = sourcecode.glsl; path = particle.fs; sourceTree = "<group>"; };
		D29DF9BE272E70820046B2EE /* sprite.vs */ = {isa = PBXFileReference; fileEncoding = 4; lastKnownFileType = sourcecode.glsl; path = sprite.vs; sourceTree = "<group>"; };
		D29DF9BF272E70820046B2EE /* particle.vs */ = {isa = PBXFileReference; fileEncoding = 4; lastKnownFileType = sourcecode.glsl; path = particle.vs; sourceTree = "<group>"; };
		D29DF9C0272E70820046B2EE /* post_processing.vs */ = {isa = PBXFileReference; fileEncoding = 4; lastKnownFileType = sourcecode.glsl; path = post_processing.vs; sourceTree = "<group>"; };
		D29DF9C1272E70820046B2EE /* text_2d.fs */ = {isa = PBXFileReference; fileEncoding = 4; lastKnownFileType = sourcecode.glsl; path = text_2d.fs; sourceTree = "<group>"; };
		D29DF9C2272E70820046B2EE /* game.cpp */ = {isa = PBXFileReference; fileEncoding = 4; lastKnownFileType = sourcecode.cpp.cpp; path = game.cpp; sourceTree = "<group>"; };
		D29DF9C3272E70820046B2EE /* simple.frag */ = {isa = PBXFileReference; fileEncoding = 4; lastKnownFileType = sourcecode.glsl; path = simple.frag; sourceTree = "<group>"; };
		D29DF9C4272E70820046B2EE /* game.hpp */ = {isa = PBXFileReference; fileEncoding = 4; lastKnownFileType = sourcecode.cpp.h; path = game.hpp; sourceTree = "<group>"; };
		D29DF9C7272E70820046B2EE /* glfm.h */ = {isa = PBXFileReference; fileEncoding = 4; lastKnownFileType = sourcecode.c.h; path = glfm.h; sourceTree = "<group>"; };
		D29DF9C9272E70820046B2EE /* glfm_platform_emscripten.c */ = {isa = PBXFileReference; fileEncoding = 4; lastKnownFileType = sourcecode.c.c; path = glfm_platform_emscripten.c; sourceTree = "<group>"; };
		D29DF9CA272E70820046B2EE /* glfm_platform_android.c */ = {isa = PBXFileReference; fileEncoding = 4; lastKnownFileType = sourcecode.c.c; path = glfm_platform_android.c; sourceTree = "<group>"; };
		D29DF9CB272E70820046B2EE /* glfm_platform.h */ = {isa = PBXFileReference; fileEncoding = 4; lastKnownFileType = sourcecode.c.h; path = glfm_platform.h; sourceTree = "<group>"; };
		D29DF9CC272E70820046B2EE /* glfm_platform_ios.m */ = {isa = PBXFileReference; fileEncoding = 4; lastKnownFileType = sourcecode.c.objc; path = glfm_platform_ios.m; sourceTree = "<group>"; };
		D29DF9CD272E70820046B2EE /* simple.vert */ = {isa = PBXFileReference; fileEncoding = 4; lastKnownFileType = sourcecode.glsl; path = simple.vert; sourceTree = "<group>"; };
		D29DF9CE272E70820046B2EE /* stb_image.cpp */ = {isa = PBXFileReference; fileEncoding = 4; lastKnownFileType = sourcecode.cpp.cpp; path = stb_image.cpp; sourceTree = "<group>"; };
		D29DF9CF272E70820046B2EE /* game_wrapper.h */ = {isa = PBXFileReference; fileEncoding = 4; lastKnownFileType = sourcecode.c.h; path = game_wrapper.h; sourceTree = "<group>"; };
		D29DF9D0272E70820046B2EE /* game_wrapper.mm */ = {isa = PBXFileReference; fileEncoding = 4; lastKnownFileType = sourcecode.cpp.objcpp; path = game_wrapper.mm; sourceTree = "<group>"; };
		D29DF9D1272E70820046B2EE /* shader.h */ = {isa = PBXFileReference; fileEncoding = 4; lastKnownFileType = sourcecode.c.h; path = shader.h; sourceTree = "<group>"; };
		D2C301DC27A5418E00D3A00C /* libfreetype.a */ = {isa = PBXFileReference; lastKnownFileType = archive.ar; path = libfreetype.a; sourceTree = "<group>"; };
		D2C3022427A546C800D3A00C /* text_renderer.cpp */ = {isa = PBXFileReference; lastKnownFileType = sourcecode.cpp.cpp; path = text_renderer.cpp; sourceTree = "<group>"; };
		D2C3022527A546C800D3A00C /* text_renderer.hpp */ = {isa = PBXFileReference; lastKnownFileType = sourcecode.cpp.h; path = text_renderer.hpp; sourceTree = "<group>"; };
		D2C3022D27A550EA00D3A00C /* default.ttf */ = {isa = PBXFileReference; lastKnownFileType = file; path = default.ttf; sourceTree = "<group>"; };
/* End PBXFileReference section */

/* Begin PBXFrameworksBuildPhase section */
		D29DF98A272E6FF80046B2EE /* Frameworks */ = {
			isa = PBXFrameworksBuildPhase;
			buildActionMask = 2147483647;
			files = (
				D2C3021D27A5445900D3A00C /* libfreetype.a in Frameworks */,
			);
			runOnlyForDeploymentPostprocessing = 0;
		};
/* End PBXFrameworksBuildPhase section */

/* Begin PBXGroup section */
		D24E178627A6E1D800901431 /* levels */ = {
			isa = PBXGroup;
			children = (
				D24E178727A6E1D800901431 /* one.lvl */,
				D24E178827A6E1D800901431 /* three.lvl */,
				D24E178927A6E1D800901431 /* four.lvl */,
				D24E178A27A6E1D800901431 /* two.lvl */,
			);
			path = levels;
			sourceTree = "<group>";
		};
		D2555AB627B154330000CE9F /* CocosDenshion */ = {
			isa = PBXGroup;
			children = (
				D2555AB727B154330000CE9F /* include */,
				D2555ABA27B154330000CE9F /* ios */,
			);
			path = CocosDenshion;
			sourceTree = "<group>";
		};
		D2555AB727B154330000CE9F /* include */ = {
			isa = PBXGroup;
			children = (
				D2555AB827B154330000CE9F /* Export.h */,
				D2555AB927B154330000CE9F /* SimpleAudioEngine.h */,
			);
			path = include;
			sourceTree = "<group>";
		};
		D2555ABA27B154330000CE9F /* ios */ = {
			isa = PBXGroup;
			children = (
				D2555ABB27B154330000CE9F /* CDConfig.h */,
				D2555ABC27B154330000CE9F /* CDOpenALSupport.m */,
				D2555ABD27B154330000CE9F /* CDAudioManager.m */,
				D2555ABE27B154330000CE9F /* SimpleAudioEngine_objc.h */,
				D2555ABF27B154330000CE9F /* CocosDenshion.m */,
				D2555AC027B154330000CE9F /* CDOpenALSupport.h */,
				D2555AC127B154330000CE9F /* CDAudioManager.h */,
				D2555AC227B154330000CE9F /* CocosDenshion.h */,
				D2555AC327B154330000CE9F /* SimpleAudioEngine_objc.m */,
				D2555AC427B154330000CE9F /* SimpleAudioEngine.mm */,
			);
			path = ios;
			sourceTree = "<group>";
		};
		D2555ACC27B159740000CE9F /* audio */ = {
			isa = PBXGroup;
			children = (
				D2555ACD27B159740000CE9F /* powerup.wav */,
				D2555ACE27B159740000CE9F /* bleep.mp3 */,
				D2555ACF27B159740000CE9F /* solid.wav */,
				D2555AD027B159740000CE9F /* breakout.wav */,
				D2555AD127B159740000CE9F /* bleep.wav */,
				D2555AD227B159740000CE9F /* bleep2.wav */,
				D2555AD327B159740000CE9F /* breakout.mp3 */,
			);
			path = audio;
			sourceTree = "<group>";
		};
		D29DF984272E6FF80046B2EE = {
			isa = PBXGroup;
			children = (
				D29DF98F272E6FF80046B2EE /* BreakoutEx */,
				D29DF98E272E6FF80046B2EE /* Products */,
				D2C3021C27A5445900D3A00C /* Frameworks */,
			);
			sourceTree = "<group>";
		};
		D29DF98E272E6FF80046B2EE /* Products */ = {
			isa = PBXGroup;
			children = (
				D29DF98D272E6FF80046B2EE /* BreakoutEx.app */,
			);
			name = Products;
			sourceTree = "<group>";
		};
		D29DF98F272E6FF80046B2EE /* BreakoutEx */ = {
			isa = PBXGroup;
			children = (
				D2555ACC27B159740000CE9F /* audio */,
				D2555AB627B154330000CE9F /* CocosDenshion */,
				D24E178627A6E1D800901431 /* levels */,
				D24E174627A6D83B00901431 /* glad.h */,
				D24E173127A6D83B00901431 /* ball_object.cpp */,
				D24E173927A6D83B00901431 /* ball_object.hpp */,
				D24E173D27A6D83B00901431 /* game_level.cpp */,
				D24E173227A6D83B00901431 /* game_level.hpp */,
				D24E174727A6D83B00901431 /* game_object.cpp */,
				D24E172F27A6D83B00901431 /* game_object.hpp */,
				D24E173327A6D83B00901431 /* mesh_object.cpp */,
				D24E173827A6D83B00901431 /* mesh_object.hpp */,
				D24E173527A6D83B00901431 /* mesh_renderer.cpp */,
				D24E172C27A6D83B00901431 /* mesh_renderer.hpp */,
				D24E173427A6D83B00901431 /* object.cpp */,
				D24E173027A6D83B00901431 /* object.hpp */,
				D24E172E27A6D83B00901431 /* particle_generator.cpp */,
				D24E173627A6D83B00901431 /* particle_generator.hpp */,
				D24E173A27A6D83B00901431 /* post_processor.cpp */,
				D24E173727A6D83B00901431 /* post_processor.hpp */,
				D24E173B27A6D83B00901431 /* power_up.h */,
				D24E173C27A6D83B00901431 /* sprite_object.cpp */,
				D24E172D27A6D83B00901431 /* sprite_object.hpp */,
				D2C3022C27A550EA00D3A00C /* fonts */,
				D2C301A427A5418D00D3A00C /* external */,
				D29DF9B1272E70820046B2EE /* file_compat.h */,
				D29DF9CF272E70820046B2EE /* game_wrapper.h */,
				D29DF9D0272E70820046B2EE /* game_wrapper.mm */,
				D29DF9C2272E70820046B2EE /* game.cpp */,
				D29DF9C4272E70820046B2EE /* game.hpp */,
				D29DF9C5272E70820046B2EE /* glfm */,
				D29DF9B2272E70820046B2EE /* resource_manager.cpp */,
				D29DF9AD272E70820046B2EE /* resource_manager.hpp */,
				D29DF9D1272E70820046B2EE /* shader.h */,
				D29DF9B9272E70820046B2EE /* shaders */,
				D29DF9B8272E70820046B2EE /* sprite_renderer.cpp */,
				D29DF9AF272E70820046B2EE /* sprite_renderer.hpp */,
				D29DF9CE272E70820046B2EE /* stb_image.cpp */,
				D29DF9AE272E70820046B2EE /* stb_image.h */,
				D29DF9AC272E70820046B2EE /* texture.cpp */,
				D29DF9B3272E70820046B2EE /* texture.hpp */,
				D29DF9B4272E70820046B2EE /* textures */,
				D29DF9A0272E6FF90046B2EE /* Assets.xcassets */,
				D29DF9A2272E6FF90046B2EE /* Info.plist */,
				D29DF9A3272E6FF90046B2EE /* main.m */,
				D2C3022427A546C800D3A00C /* text_renderer.cpp */,
				D2C3022527A546C800D3A00C /* text_renderer.hpp */,
			);
			path = BreakoutEx;
			sourceTree = "<group>";
		};
		D29DF9B4272E70820046B2EE /* textures */ = {
			isa = PBXGroup;
			children = (
				D24E175D27A6D88400901431 /* background.jpg */,
				D24E176127A6D88400901431 /* paddle.png */,
				D24E176227A6D88400901431 /* particle.png */,
				D24E176927A6D88400901431 /* powerup_chaos.png */,
				D24E176A27A6D88400901431 /* powerup_confuse.png */,
				D24E175B27A6D88400901431 /* powerup_increase.png */,
				D24E176827A6D88400901431 /* powerup_passthrough.png */,
				D24E175E27A6D88400901431 /* powerup_speed.png */,
				D24E175F27A6D88400901431 /* powerup_sticky.png */,
				D29DF9B5272E70820046B2EE /* block_solid.png */,
				D29DF9B6272E70820046B2EE /* block.png */,
				D29DF9B7272E70820046B2EE /* awesomeface.png */,
			);
			path = textures;
			sourceTree = "<group>";
		};
		D29DF9B9272E70820046B2EE /* shaders */ = {
			isa = PBXGroup;
			children = (
				D29DF9C3272E70820046B2EE /* simple.frag */,
				D29DF9CD272E70820046B2EE /* simple.vert */,
				D29DF9BA272E70820046B2EE /* post_processing.fs */,
				D29DF9BB272E70820046B2EE /* text_2d.vs */,
				D29DF9BC272E70820046B2EE /* sprite.fs */,
				D29DF9BD272E70820046B2EE /* particle.fs */,
				D29DF9BE272E70820046B2EE /* sprite.vs */,
				D29DF9BF272E70820046B2EE /* particle.vs */,
				D29DF9C0272E70820046B2EE /* post_processing.vs */,
				D29DF9C1272E70820046B2EE /* text_2d.fs */,
			);
			path = shaders;
			sourceTree = "<group>";
		};
		D29DF9C5272E70820046B2EE /* glfm */ = {
			isa = PBXGroup;
			children = (
				D29DF9C6272E70820046B2EE /* include */,
				D29DF9C8272E70820046B2EE /* src */,
			);
			path = glfm;
			sourceTree = "<group>";
		};
		D29DF9C6272E70820046B2EE /* include */ = {
			isa = PBXGroup;
			children = (
				D29DF9C7272E70820046B2EE /* glfm.h */,
			);
			path = include;
			sourceTree = "<group>";
		};
		D29DF9C8272E70820046B2EE /* src */ = {
			isa = PBXGroup;
			children = (
				D29DF9C9272E70820046B2EE /* glfm_platform_emscripten.c */,
				D29DF9CA272E70820046B2EE /* glfm_platform_android.c */,
				D29DF9CB272E70820046B2EE /* glfm_platform.h */,
				D29DF9CC272E70820046B2EE /* glfm_platform_ios.m */,
			);
			path = src;
			sourceTree = "<group>";
		};
		D2C301A427A5418D00D3A00C /* external */ = {
			isa = PBXGroup;
			children = (
				D2C301DB27A5418E00D3A00C /* prebuild */,
			);
			path = external;
			sourceTree = "<group>";
		};
		D2C301DB27A5418E00D3A00C /* prebuild */ = {
			isa = PBXGroup;
			children = (
				D2C301DD27A5418E00D3A00C /* freetype2 */,
			);
			path = prebuild;
			sourceTree = "<group>";
		};
		D2C301DD27A5418E00D3A00C /* freetype2 */ = {
			isa = PBXGroup;
			children = (
				D2C301DC27A5418E00D3A00C /* libfreetype.a */,
			);
			path = freetype2;
			sourceTree = "<group>";
		};
		D2C3021C27A5445900D3A00C /* Frameworks */ = {
			isa = PBXGroup;
			children = (
			);
			name = Frameworks;
			sourceTree = "<group>";
		};
		D2C3022C27A550EA00D3A00C /* fonts */ = {
			isa = PBXGroup;
			children = (
				D2C3022D27A550EA00D3A00C /* default.ttf */,
			);
			path = fonts;
			sourceTree = "<group>";
		};
/* End PBXGroup section */

/* Begin PBXNativeTarget section */
		D29DF98C272E6FF80046B2EE /* BreakoutEx */ = {
			isa = PBXNativeTarget;
			buildConfigurationList = D29DF9A7272E6FF90046B2EE /* Build configuration list for PBXNativeTarget "BreakoutEx" */;
			buildPhases = (
				D29DF989272E6FF80046B2EE /* Sources */,
				D29DF98A272E6FF80046B2EE /* Frameworks */,
				D29DF98B272E6FF80046B2EE /* Resources */,
			);
			buildRules = (
			);
			dependencies = (
			);
			name = BreakoutEx;
			productName = BreakoutEx;
			productReference = D29DF98D272E6FF80046B2EE /* BreakoutEx.app */;
			productType = "com.apple.product-type.application";
		};
/* End PBXNativeTarget section */

/* Begin PBXProject section */
		D29DF985272E6FF80046B2EE /* Project object */ = {
			isa = PBXProject;
			attributes = {
				LastUpgradeCheck = 1240;
				TargetAttributes = {
					D29DF98C272E6FF80046B2EE = {
						CreatedOnToolsVersion = 12.4;
					};
				};
			};
			buildConfigurationList = D29DF988272E6FF80046B2EE /* Build configuration list for PBXProject "BreakoutEx" */;
			compatibilityVersion = "Xcode 9.3";
			developmentRegion = en;
			hasScannedForEncodings = 0;
			knownRegions = (
				en,
				Base,
			);
			mainGroup = D29DF984272E6FF80046B2EE;
			productRefGroup = D29DF98E272E6FF80046B2EE /* Products */;
			projectDirPath = "";
			projectRoot = "";
			targets = (
				D29DF98C272E6FF80046B2EE /* BreakoutEx */,
			);
		};
/* End PBXProject section */

/* Begin PBXResourcesBuildPhase section */
		D29DF98B272E6FF80046B2EE /* Resources */ = {
			isa = PBXResourcesBuildPhase;
			buildActionMask = 2147483647;
			files = (
				D2555AD627B159740000CE9F /* solid.wav in Resources */,
				D29DF9E5272E70820046B2EE /* simple.vert in Resources */,
				D2555AD827B159750000CE9F /* bleep.wav in Resources */,
				D24E178B27A6E1D800901431 /* one.lvl in Resources */,
				D29DF9DE272E70820046B2EE /* post_processing.vs in Resources */,
				D2C3022F27A550EA00D3A00C /* default.ttf in Resources */,
				D2555AD727B159750000CE9F /* breakout.wav in Resources */,
				D2555ADA27B159750000CE9F /* breakout.mp3 in Resources */,
				D29DF9DD272E70820046B2EE /* particle.vs in Resources */,
				D24E177327A6D88400901431 /* powerup_sticky.png in Resources */,
				D29DF9E1272E70820046B2EE /* simple.frag in Resources */,
				D24E177527A6D88400901431 /* paddle.png in Resources */,
				D29DF9A1272E6FF90046B2EE /* Assets.xcassets in Resources */,
				D24E177127A6D88400901431 /* background.jpg in Resources */,
				D29DF9DF272E70820046B2EE /* text_2d.fs in Resources */,
				D29DF9DC272E70820046B2EE /* sprite.vs in Resources */,
				D2555AD427B159740000CE9F /* powerup.wav in Resources */,
				D29DF9D9272E70820046B2EE /* text_2d.vs in Resources */,
				D24E177D27A6D88400901431 /* powerup_chaos.png in Resources */,
				D29DF9DA272E70820046B2EE /* sprite.fs in Resources */,
				D29DF9D4272E70820046B2EE /* block_solid.png in Resources */,
				D24E178D27A6E1D800901431 /* four.lvl in Resources */,
				D24E177627A6D88400901431 /* particle.png in Resources */,
				D29DF9D6272E70820046B2EE /* awesomeface.png in Resources */,
				D24E177C27A6D88400901431 /* powerup_passthrough.png in Resources */,
				D29DF9D5272E70820046B2EE /* block.png in Resources */,
				D24E177227A6D88400901431 /* powerup_speed.png in Resources */,
				D24E176F27A6D88400901431 /* powerup_increase.png in Resources */,
				D29DF9DB272E70820046B2EE /* particle.fs in Resources */,
				D24E178E27A6E1D800901431 /* two.lvl in Resources */,
				D24E177E27A6D88400901431 /* powerup_confuse.png in Resources */,
				D2555AD927B159750000CE9F /* bleep2.wav in Resources */,
				D29DF9D8272E70820046B2EE /* post_processing.fs in Resources */,
				D24E178C27A6E1D800901431 /* three.lvl in Resources */,
				D2555AD527B159740000CE9F /* bleep.mp3 in Resources */,
			);
			runOnlyForDeploymentPostprocessing = 0;
		};
/* End PBXResourcesBuildPhase section */

/* Begin PBXSourcesBuildPhase section */
		D29DF989272E6FF80046B2EE /* Sources */ = {
			isa = PBXSourcesBuildPhase;
			buildActionMask = 2147483647;
			files = (
				D29DF9A4272E6FF90046B2EE /* main.m in Sources */,
				D2555AC927B154330000CE9F /* SimpleAudioEngine.mm in Sources */,
				D2555AC627B154330000CE9F /* CDAudioManager.m in Sources */,
				D24E174827A6D83B00901431 /* particle_generator.cpp in Sources */,
				D29DF9E7272E70820046B2EE /* game_wrapper.mm in Sources */,
				D2C3022627A546C800D3A00C /* text_renderer.cpp in Sources */,
				D24E174B27A6D83B00901431 /* object.cpp in Sources */,
				D24E174C27A6D83B00901431 /* mesh_renderer.cpp in Sources */,
				D29DF9D7272E70820046B2EE /* sprite_renderer.cpp in Sources */,
				D24E174A27A6D83B00901431 /* mesh_object.cpp in Sources */,
				D24E174D27A6D83B00901431 /* post_processor.cpp in Sources */,
				D29DF9E4272E70820046B2EE /* glfm_platform_ios.m in Sources */,
				D24E174927A6D83B00901431 /* ball_object.cpp in Sources */,
				D29DF9E2272E70820046B2EE /* glfm_platform_emscripten.c in Sources */,
				D24E175727A6D83B00901431 /* game_object.cpp in Sources */,
				D29DF9D2272E70820046B2EE /* texture.cpp in Sources */,
				D29DF9E0272E70820046B2EE /* game.cpp in Sources */,
				D29DF9E6272E70820046B2EE /* stb_image.cpp in Sources */,
				D24E174F27A6D83B00901431 /* game_level.cpp in Sources */,
				D2555AC827B154330000CE9F /* SimpleAudioEngine_objc.m in Sources */,
				D29DF9D3272E70820046B2EE /* resource_manager.cpp in Sources */,
				D29DF9E3272E70820046B2EE /* glfm_platform_android.c in Sources */,
				D24E174E27A6D83B00901431 /* sprite_object.cpp in Sources */,
				D2555AC527B154330000CE9F /* CDOpenALSupport.m in Sources */,
				D2555AC727B154330000CE9F /* CocosDenshion.m in Sources */,
			);
			runOnlyForDeploymentPostprocessing = 0;
		};
/* End PBXSourcesBuildPhase section */

/* Begin XCBuildConfiguration section */
		D29DF9A5272E6FF90046B2EE /* Debug */ = {
			isa = XCBuildConfiguration;
			buildSettings = {
				ALWAYS_SEARCH_USER_PATHS = NO;
				CLANG_ANALYZER_NONNULL = YES;
				CLANG_ANALYZER_NUMBER_OBJECT_CONVERSION = YES_AGGRESSIVE;
				CLANG_CXX_LANGUAGE_STANDARD = "gnu++14";
				CLANG_CXX_LIBRARY = "libc++";
				CLANG_ENABLE_MODULES = YES;
				CLANG_ENABLE_OBJC_ARC = YES;
				CLANG_ENABLE_OBJC_WEAK = YES;
				CLANG_WARN_BLOCK_CAPTURE_AUTORELEASING = YES;
				CLANG_WARN_BOOL_CONVERSION = YES;
				CLANG_WARN_COMMA = YES;
				CLANG_WARN_CONSTANT_CONVERSION = YES;
				CLANG_WARN_DEPRECATED_OBJC_IMPLEMENTATIONS = YES;
				CLANG_WARN_DIRECT_OBJC_ISA_USAGE = YES_ERROR;
				CLANG_WARN_DOCUMENTATION_COMMENTS = YES;
				CLANG_WARN_EMPTY_BODY = YES;
				CLANG_WARN_ENUM_CONVERSION = YES;
				CLANG_WARN_INFINITE_RECURSION = YES;
				CLANG_WARN_INT_CONVERSION = YES;
				CLANG_WARN_NON_LITERAL_NULL_CONVERSION = YES;
				CLANG_WARN_OBJC_IMPLICIT_RETAIN_SELF = YES;
				CLANG_WARN_OBJC_LITERAL_CONVERSION = YES;
				CLANG_WARN_OBJC_ROOT_CLASS = YES_ERROR;
				CLANG_WARN_QUOTED_INCLUDE_IN_FRAMEWORK_HEADER = YES;
				CLANG_WARN_RANGE_LOOP_ANALYSIS = YES;
				CLANG_WARN_STRICT_PROTOTYPES = YES;
				CLANG_WARN_SUSPICIOUS_MOVE = YES;
				CLANG_WARN_UNGUARDED_AVAILABILITY = YES_AGGRESSIVE;
				CLANG_WARN_UNREACHABLE_CODE = YES;
				CLANG_WARN__DUPLICATE_METHOD_MATCH = YES;
				COPY_PHASE_STRIP = NO;
				DEBUG_INFORMATION_FORMAT = dwarf;
				ENABLE_STRICT_OBJC_MSGSEND = YES;
				ENABLE_TESTABILITY = YES;
				GCC_C_LANGUAGE_STANDARD = gnu11;
				GCC_DYNAMIC_NO_PIC = NO;
				GCC_NO_COMMON_BLOCKS = YES;
				GCC_OPTIMIZATION_LEVEL = 0;
				GCC_PREPROCESSOR_DEFINITIONS = (
					"DEBUG=1",
					"$(inherited)",
				);
				GCC_WARN_64_TO_32_BIT_CONVERSION = YES;
				GCC_WARN_ABOUT_RETURN_TYPE = YES_ERROR;
				GCC_WARN_UNDECLARED_SELECTOR = YES;
				GCC_WARN_UNINITIALIZED_AUTOS = YES_AGGRESSIVE;
				GCC_WARN_UNUSED_FUNCTION = YES;
				GCC_WARN_UNUSED_VARIABLE = YES;
				IPHONEOS_DEPLOYMENT_TARGET = 14.4;
				MTL_ENABLE_DEBUG_INFO = INCLUDE_SOURCE;
				MTL_FAST_MATH = YES;
				ONLY_ACTIVE_ARCH = YES;
				SDKROOT = iphoneos;
			};
			name = Debug;
		};
		D29DF9A6272E6FF90046B2EE /* Release */ = {
			isa = XCBuildConfiguration;
			buildSettings = {
				ALWAYS_SEARCH_USER_PATHS = NO;
				CLANG_ANALYZER_NONNULL = YES;
				CLANG_ANALYZER_NUMBER_OBJECT_CONVERSION = YES_AGGRESSIVE;
				CLANG_CXX_LANGUAGE_STANDARD = "gnu++14";
				CLANG_CXX_LIBRARY = "libc++";
				CLANG_ENABLE_MODULES = YES;
				CLANG_ENABLE_OBJC_ARC = YES;
				CLANG_ENABLE_OBJC_WEAK = YES;
				CLANG_WARN_BLOCK_CAPTURE_AUTORELEASING = YES;
				CLANG_WARN_BOOL_CONVERSION = YES;
				CLANG_WARN_COMMA = YES;
				CLANG_WARN_CONSTANT_CONVERSION = YES;
				CLANG_WARN_DEPRECATED_OBJC_IMPLEMENTATIONS = YES;
				CLANG_WARN_DIRECT_OBJC_ISA_USAGE = YES_ERROR;
				CLANG_WARN_DOCUMENTATION_COMMENTS = YES;
				CLANG_WARN_EMPTY_BODY = YES;
				CLANG_WARN_ENUM_CONVERSION = YES;
				CLANG_WARN_INFINITE_RECURSION = YES;
				CLANG_WARN_INT_CONVERSION = YES;
				CLANG_WARN_NON_LITERAL_NULL_CONVERSION = YES;
				CLANG_WARN_OBJC_IMPLICIT_RETAIN_SELF = YES;
				CLANG_WARN_OBJC_LITERAL_CONVERSION = YES;
				CLANG_WARN_OBJC_ROOT_CLASS = YES_ERROR;
				CLANG_WARN_QUOTED_INCLUDE_IN_FRAMEWORK_HEADER = YES;
				CLANG_WARN_RANGE_LOOP_ANALYSIS = YES;
				CLANG_WARN_STRICT_PROTOTYPES = YES;
				CLANG_WARN_SUSPICIOUS_MOVE = YES;
				CLANG_WARN_UNGUARDED_AVAILABILITY = YES_AGGRESSIVE;
				CLANG_WARN_UNREACHABLE_CODE = YES;
				CLANG_WARN__DUPLICATE_METHOD_MATCH = YES;
				COPY_PHASE_STRIP = NO;
				DEBUG_INFORMATION_FORMAT = "dwarf-with-dsym";
				ENABLE_NS_ASSERTIONS = NO;
				ENABLE_STRICT_OBJC_MSGSEND = YES;
				GCC_C_LANGUAGE_STANDARD = gnu11;
				GCC_NO_COMMON_BLOCKS = YES;
				GCC_WARN_64_TO_32_BIT_CONVERSION = YES;
				GCC_WARN_ABOUT_RETURN_TYPE = YES_ERROR;
				GCC_WARN_UNDECLARED_SELECTOR = YES;
				GCC_WARN_UNINITIALIZED_AUTOS = YES_AGGRESSIVE;
				GCC_WARN_UNUSED_FUNCTION = YES;
				GCC_WARN_UNUSED_VARIABLE = YES;
				IPHONEOS_DEPLOYMENT_TARGET = 14.4;
				MTL_ENABLE_DEBUG_INFO = NO;
				MTL_FAST_MATH = YES;
				SDKROOT = iphoneos;
				VALIDATE_PRODUCT = YES;
			};
			name = Release;
		};
		D29DF9A8272E6FF90046B2EE /* Debug */ = {
			isa = XCBuildConfiguration;
			buildSettings = {
				ASSETCATALOG_COMPILER_APPICON_NAME = AppIcon;
				ASSETCATALOG_COMPILER_GLOBAL_ACCENT_COLOR_NAME = AccentColor;
				CLANG_ENABLE_OBJC_ARC = NO;
				CODE_SIGN_STYLE = Automatic;
				COMPRESS_PNG_FILES = YES;
				DEVELOPMENT_TEAM = ET9YQ6GB6Y;
				ENABLE_BITCODE = NO;
				HEADER_SEARCH_PATHS = (
					/usr/local/Cellar/glm/0.9.9.8/include,
					"$(PROJECT_DIR)/BreakoutEx/external/include/freetype2",
				);
				INFOPLIST_FILE = BreakoutEx/Info.plist;
				LD_RUNPATH_SEARCH_PATHS = (
					"$(inherited)",
					"@executable_path/Frameworks",
				);
				LIBRARY_SEARCH_PATHS = (
					"$(inherited)",
					"$(PROJECT_DIR)/BreakoutEx/external/prebuild",
					"$(PROJECT_DIR)/BreakoutEx/external/prebuild/freetype2",
				);
				PRODUCT_BUNDLE_IDENTIFIER = com.ccb.BreakoutEx;
				PRODUCT_NAME = "$(TARGET_NAME)";
				TARGETED_DEVICE_FAMILY = "1,2";
			};
			name = Debug;
		};
		D29DF9A9272E6FF90046B2EE /* Release */ = {
			isa = XCBuildConfiguration;
			buildSettings = {
				ASSETCATALOG_COMPILER_APPICON_NAME = AppIcon;
				ASSETCATALOG_COMPILER_GLOBAL_ACCENT_COLOR_NAME = AccentColor;
				CLANG_ENABLE_OBJC_ARC = NO;
				CODE_SIGN_STYLE = Automatic;
				COMPRESS_PNG_FILES = YES;
				DEVELOPMENT_TEAM = ET9YQ6GB6Y;
				ENABLE_BITCODE = NO;
				HEADER_SEARCH_PATHS = (
					/usr/local/Cellar/glm/0.9.9.8/include,
					"$(PROJECT_DIR)/BreakoutEx/external/include/freetype2",
				);
				INFOPLIST_FILE = BreakoutEx/Info.plist;
				LD_RUNPATH_SEARCH_PATHS = (
					"$(inherited)",
					"@executable_path/Frameworks",
				);
				LIBRARY_SEARCH_PATHS = (
					"$(inherited)",
					"$(PROJECT_DIR)/BreakoutEx/external/prebuild",
					"$(PROJECT_DIR)/BreakoutEx/external/prebuild/freetype2",
				);
				PRODUCT_BUNDLE_IDENTIFIER = com.ccb.BreakoutEx;
				PRODUCT_NAME = "$(TARGET_NAME)";
				TARGETED_DEVICE_FAMILY = "1,2";
			};
			name = Release;
		};
/* End XCBuildConfiguration section */

/* Begin XCConfigurationList section */
		D29DF988272E6FF80046B2EE /* Build configuration list for PBXProject "BreakoutEx" */ = {
			isa = XCConfigurationList;
			buildConfigurations = (
				D29DF9A5272E6FF90046B2EE /* Debug */,
				D29DF9A6272E6FF90046B2EE /* Release */,
			);
			defaultConfigurationIsVisible = 0;
			defaultConfigurationName = Release;
		};
		D29DF9A7272E6FF90046B2EE /* Build configuration list for PBXNativeTarget "BreakoutEx" */ = {
			isa = XCConfigurationList;
			buildConfigurations = (
				D29DF9A8272E6FF90046B2EE /* Debug */,
				D29DF9A9272E6FF90046B2EE /* Release */,
			);
			defaultConfigurationIsVisible = 0;
			defaultConfigurationName = Release;
		};
/* End XCConfigurationList section */
	};
	rootObject = D29DF985272E6FF80046B2EE /* Project object */;
}
